// !$*UTF8*$!
{
	archiveVersion = 1;
	classes = {
	};
	objectVersion = 46;
	objects = {

/* Begin PBXBuildFile section */
		1352B8CE1D2B68ED00A26252 /* RMSBezierInterpolator.m in Sources */ = {isa = PBXBuildFile; fileRef = 1352B8CD1D2B68ED00A26252 /* RMSBezierInterpolator.m */; };
		1356FBA61D3052830045BE4F /* rmslevels.c in Sources */ = {isa = PBXBuildFile; fileRef = 1356FBA41D3052830045BE4F /* rmslevels.c */; };
		1356FBAC1D3055B90045BE4F /* RMSIndexView.m in Sources */ = {isa = PBXBuildFile; fileRef = 1356FBA91D3055B90045BE4F /* RMSIndexView.m */; };
		1356FBAD1D3055B90045BE4F /* RMSResultView.m in Sources */ = {isa = PBXBuildFile; fileRef = 1356FBAB1D3055B90045BE4F /* RMSResultView.m */; };
		1357202D1D1BEF22002FFE64 /* AppDelegate.m in Sources */ = {isa = PBXBuildFile; fileRef = 1357202C1D1BEF22002FFE64 /* AppDelegate.m */; };
		135720301D1BEF22002FFE64 /* main.m in Sources */ = {isa = PBXBuildFile; fileRef = 1357202F1D1BEF22002FFE64 /* main.m */; };
		135720331D1BEF22002FFE64 /* Document.m in Sources */ = {isa = PBXBuildFile; fileRef = 135720321D1BEF22002FFE64 /* Document.m */; };
		135720361D1BEF22002FFE64 /* Document.xib in Resources */ = {isa = PBXBuildFile; fileRef = 135720341D1BEF22002FFE64 /* Document.xib */; };
		135720381D1BEF22002FFE64 /* Assets.xcassets in Resources */ = {isa = PBXBuildFile; fileRef = 135720371D1BEF22002FFE64 /* Assets.xcassets */; };
		1357203B1D1BEF22002FFE64 /* MainMenu.xib in Resources */ = {isa = PBXBuildFile; fileRef = 135720391D1BEF22002FFE64 /* MainMenu.xib */; };
		135720551D1BF63A002FFE64 /* RMSUtilities.m in Sources */ = {isa = PBXBuildFile; fileRef = 135720541D1BF63A002FFE64 /* RMSUtilities.m */; };
		135720811D1BF8C7002FFE64 /* RMSCallback.m in Sources */ = {isa = PBXBuildFile; fileRef = 1357206A1D1BF8C7002FFE64 /* RMSCallback.m */; };
		135720821D1BF8C7002FFE64 /* RMSSource.m in Sources */ = {isa = PBXBuildFile; fileRef = 1357206C1D1BF8C7002FFE64 /* RMSSource.m */; };
		135720831D1BF8C7002FFE64 /* RMSAudioUnit.m in Sources */ = {isa = PBXBuildFile; fileRef = 135720701D1BF8C7002FFE64 /* RMSAudioUnit.m */; };
		135720841D1BF8C7002FFE64 /* RMSAudioUnitFilePlayer.m in Sources */ = {isa = PBXBuildFile; fileRef = 135720741D1BF8C7002FFE64 /* RMSAudioUnitFilePlayer.m */; };
		135720851D1BF8C7002FFE64 /* RMSAudioUnitPlatformIO.m in Sources */ = {isa = PBXBuildFile; fileRef = 135720771D1BF8C7002FFE64 /* RMSAudioUnitPlatformIO.m */; };
		135720871D1BF8C7002FFE64 /* RMSOutput.m in Sources */ = {isa = PBXBuildFile; fileRef = 1357207B1D1BF8C7002FFE64 /* RMSOutput.m */; };
		135720881D1BF8C7002FFE64 /* RMSAudioUnitVarispeed.m in Sources */ = {isa = PBXBuildFile; fileRef = 1357207E1D1BF8C7002FFE64 /* RMSAudioUnitVarispeed.m */; };
		1357208C1D1BF95D002FFE64 /* RMSAudioUnitUtilities.m in Sources */ = {isa = PBXBuildFile; fileRef = 1357208B1D1BF95D002FFE64 /* RMSAudioUnitUtilities.m */; };
		139B04071D27D17700A754A6 /* RMSVarispeed.m in Sources */ = {isa = PBXBuildFile; fileRef = 139B04061D27D17700A754A6 /* RMSVarispeed.m */; };
		139EEFD51D2F0E3F00ADC307 /* rmsbuffer_t.c in Sources */ = {isa = PBXBuildFile; fileRef = 139EEFD31D2F0E3F00ADC307 /* rmsbuffer_t.c */; };
		13D15E371D2F7BBE006232A0 /* RMSSampleMonitor.m in Sources */ = {isa = PBXBuildFile; fileRef = 13D15E361D2F7BBE006232A0 /* RMSSampleMonitor.m */; };
		13D15E3A1D2F8334006232A0 /* RMSTimer.m in Sources */ = {isa = PBXBuildFile; fileRef = 13D15E391D2F8334006232A0 /* RMSTimer.m */; };
/* End PBXBuildFile section */

/* Begin PBXFileReference section */
		1352B8CC1D2B68ED00A26252 /* RMSBezierInterpolator.h */ = {isa = PBXFileReference; fileEncoding = 4; lastKnownFileType = sourcecode.c.h; path = RMSBezierInterpolator.h; sourceTree = "<group>"; };
		1352B8CD1D2B68ED00A26252 /* RMSBezierInterpolator.m */ = {isa = PBXFileReference; fileEncoding = 4; lastKnownFileType = sourcecode.c.objc; path = RMSBezierInterpolator.m; sourceTree = "<group>"; };
		1356FBA41D3052830045BE4F /* rmslevels.c */ = {isa = PBXFileReference; fileEncoding = 4; lastKnownFileType = sourcecode.c.c; path = rmslevels.c; sourceTree = "<group>"; };
		1356FBA51D3052830045BE4F /* rmslevels.h */ = {isa = PBXFileReference; fileEncoding = 4; lastKnownFileType = sourcecode.c.h; path = rmslevels.h; sourceTree = "<group>"; };
		1356FBA81D3055B90045BE4F /* RMSIndexView.h */ = {isa = PBXFileReference; fileEncoding = 4; lastKnownFileType = sourcecode.c.h; path = RMSIndexView.h; sourceTree = "<group>"; };
		1356FBA91D3055B90045BE4F /* RMSIndexView.m */ = {isa = PBXFileReference; fileEncoding = 4; lastKnownFileType = sourcecode.c.objc; path = RMSIndexView.m; sourceTree = "<group>"; };
		1356FBAA1D3055B90045BE4F /* RMSResultView.h */ = {isa = PBXFileReference; fileEncoding = 4; lastKnownFileType = sourcecode.c.h; path = RMSResultView.h; sourceTree = "<group>"; };
		1356FBAB1D3055B90045BE4F /* RMSResultView.m */ = {isa = PBXFileReference; fileEncoding = 4; lastKnownFileType = sourcecode.c.objc; path = RMSResultView.m; sourceTree = "<group>"; };
		135720281D1BEF22002FFE64 /* RMSAudio.app */ = {isa = PBXFileReference; explicitFileType = wrapper.application; includeInIndex = 0; path = RMSAudio.app; sourceTree = BUILT_PRODUCTS_DIR; };
		1357202B1D1BEF22002FFE64 /* AppDelegate.h */ = {isa = PBXFileReference; lastKnownFileType = sourcecode.c.h; path = AppDelegate.h; sourceTree = "<group>"; };
		1357202C1D1BEF22002FFE64 /* AppDelegate.m */ = {isa = PBXFileReference; lastKnownFileType = sourcecode.c.objc; path = AppDelegate.m; sourceTree = "<group>"; };
		1357202F1D1BEF22002FFE64 /* main.m */ = {isa = PBXFileReference; lastKnownFileType = sourcecode.c.objc; path = main.m; sourceTree = "<group>"; };
		135720311D1BEF22002FFE64 /* Document.h */ = {isa = PBXFileReference; lastKnownFileType = sourcecode.c.h; path = Document.h; sourceTree = "<group>"; };
		135720321D1BEF22002FFE64 /* Document.m */ = {isa = PBXFileReference; lastKnownFileType = sourcecode.c.objc; path = Document.m; sourceTree = "<group>"; };
		135720351D1BEF22002FFE64 /* Base */ = {isa = PBXFileReference; lastKnownFileType = file.xib; name = Base; path = Base.lproj/Document.xib; sourceTree = "<group>"; };
		135720371D1BEF22002FFE64 /* Assets.xcassets */ = {isa = PBXFileReference; lastKnownFileType = folder.assetcatalog; path = Assets.xcassets; sourceTree = "<group>"; };
		1357203A1D1BEF22002FFE64 /* Base */ = {isa = PBXFileReference; lastKnownFileType = file.xib; name = Base; path = Base.lproj/MainMenu.xib; sourceTree = "<group>"; };
		1357203C1D1BEF22002FFE64 /* Info.plist */ = {isa = PBXFileReference; lastKnownFileType = text.plist.xml; path = Info.plist; sourceTree = "<group>"; };
		135720511D1BF375002FFE64 /* RMSAudio.h */ = {isa = PBXFileReference; fileEncoding = 4; lastKnownFileType = sourcecode.c.h; path = RMSAudio.h; sourceTree = "<group>"; };
		135720531D1BF63A002FFE64 /* RMSUtilities.h */ = {isa = PBXFileReference; fileEncoding = 4; lastKnownFileType = sourcecode.c.h; path = RMSUtilities.h; sourceTree = "<group>"; };
		135720541D1BF63A002FFE64 /* RMSUtilities.m */ = {isa = PBXFileReference; fileEncoding = 4; lastKnownFileType = sourcecode.c.objc; path = RMSUtilities.m; sourceTree = "<group>"; };
		135720691D1BF8C7002FFE64 /* RMSCallback.h */ = {isa = PBXFileReference; fileEncoding = 4; lastKnownFileType = sourcecode.c.h; path = RMSCallback.h; sourceTree = "<group>"; };
		1357206A1D1BF8C7002FFE64 /* RMSCallback.m */ = {isa = PBXFileReference; fileEncoding = 4; lastKnownFileType = sourcecode.c.objc; path = RMSCallback.m; sourceTree = "<group>"; };
		1357206B1D1BF8C7002FFE64 /* RMSSource.h */ = {isa = PBXFileReference; fileEncoding = 4; lastKnownFileType = sourcecode.c.h; path = RMSSource.h; sourceTree = "<group>"; };
		1357206C1D1BF8C7002FFE64 /* RMSSource.m */ = {isa = PBXFileReference; fileEncoding = 4; lastKnownFileType = sourcecode.c.objc; path = RMSSource.m; sourceTree = "<group>"; };
		1357206F1D1BF8C7002FFE64 /* RMSAudioUnit.h */ = {isa = PBXFileReference; fileEncoding = 4; lastKnownFileType = sourcecode.c.h; path = RMSAudioUnit.h; sourceTree = "<group>"; };
		135720701D1BF8C7002FFE64 /* RMSAudioUnit.m */ = {isa = PBXFileReference; fileEncoding = 4; lastKnownFileType = sourcecode.c.objc; path = RMSAudioUnit.m; sourceTree = "<group>"; };
		135720731D1BF8C7002FFE64 /* RMSAudioUnitFilePlayer.h */ = {isa = PBXFileReference; fileEncoding = 4; lastKnownFileType = sourcecode.c.h; path = RMSAudioUnitFilePlayer.h; sourceTree = "<group>"; };
		135720741D1BF8C7002FFE64 /* RMSAudioUnitFilePlayer.m */ = {isa = PBXFileReference; fileEncoding = 4; lastKnownFileType = sourcecode.c.objc; path = RMSAudioUnitFilePlayer.m; sourceTree = "<group>"; };
		135720761D1BF8C7002FFE64 /* RMSAudioUnitPlatformIO.h */ = {isa = PBXFileReference; fileEncoding = 4; lastKnownFileType = sourcecode.c.h; path = RMSAudioUnitPlatformIO.h; sourceTree = "<group>"; };
		135720771D1BF8C7002FFE64 /* RMSAudioUnitPlatformIO.m */ = {isa = PBXFileReference; fileEncoding = 4; lastKnownFileType = sourcecode.c.objc; path = RMSAudioUnitPlatformIO.m; sourceTree = "<group>"; };
		1357207A1D1BF8C7002FFE64 /* RMSOutput.h */ = {isa = PBXFileReference; fileEncoding = 4; lastKnownFileType = sourcecode.c.h; path = RMSOutput.h; sourceTree = "<group>"; };
		1357207B1D1BF8C7002FFE64 /* RMSOutput.m */ = {isa = PBXFileReference; fileEncoding = 4; lastKnownFileType = sourcecode.c.objc; path = RMSOutput.m; sourceTree = "<group>"; };
		1357207D1D1BF8C7002FFE64 /* RMSAudioUnitVarispeed.h */ = {isa = PBXFileReference; fileEncoding = 4; lastKnownFileType = sourcecode.c.h; path = RMSAudioUnitVarispeed.h; sourceTree = "<group>"; };
		1357207E1D1BF8C7002FFE64 /* RMSAudioUnitVarispeed.m */ = {isa = PBXFileReference; fileEncoding = 4; lastKnownFileType = sourcecode.c.objc; path = RMSAudioUnitVarispeed.m; sourceTree = "<group>"; };
		1357208A1D1BF95D002FFE64 /* RMSAudiounitUtilities.h */ = {isa = PBXFileReference; fileEncoding = 4; lastKnownFileType = sourcecode.c.h; path = RMSAudiounitUtilities.h; sourceTree = "<group>"; };
		1357208B1D1BF95D002FFE64 /* RMSAudioUnitUtilities.m */ = {isa = PBXFileReference; fileEncoding = 4; lastKnownFileType = sourcecode.c.objc; path = RMSAudioUnitUtilities.m; sourceTree = "<group>"; };
		139B04051D27D17700A754A6 /* RMSVarispeed.h */ = {isa = PBXFileReference; fileEncoding = 4; lastKnownFileType = sourcecode.c.h; path = RMSVarispeed.h; sourceTree = "<group>"; };
		139B04061D27D17700A754A6 /* RMSVarispeed.m */ = {isa = PBXFileReference; fileEncoding = 4; lastKnownFileType = sourcecode.c.objc; path = RMSVarispeed.m; sourceTree = "<group>"; };
		139EEFD31D2F0E3F00ADC307 /* rmsbuffer_t.c */ = {isa = PBXFileReference; fileEncoding = 4; lastKnownFileType = sourcecode.c.c; path = rmsbuffer_t.c; sourceTree = "<group>"; };
		139EEFD41D2F0E3F00ADC307 /* rmsbuffer_t.h */ = {isa = PBXFileReference; fileEncoding = 4; lastKnownFileType = sourcecode.c.h; path = rmsbuffer_t.h; sourceTree = "<group>"; };
		13D15E351D2F7BBE006232A0 /* RMSSampleMonitor.h */ = {isa = PBXFileReference; fileEncoding = 4; lastKnownFileType = sourcecode.c.h; path = RMSSampleMonitor.h; sourceTree = "<group>"; };
		13D15E361D2F7BBE006232A0 /* RMSSampleMonitor.m */ = {isa = PBXFileReference; fileEncoding = 4; lastKnownFileType = sourcecode.c.objc; path = RMSSampleMonitor.m; sourceTree = "<group>"; };
		13D15E381D2F8334006232A0 /* RMSTimer.h */ = {isa = PBXFileReference; fileEncoding = 4; lastKnownFileType = sourcecode.c.h; path = RMSTimer.h; sourceTree = "<group>"; };
		13D15E391D2F8334006232A0 /* RMSTimer.m */ = {isa = PBXFileReference; fileEncoding = 4; lastKnownFileType = sourcecode.c.objc; path = RMSTimer.m; sourceTree = "<group>"; };
/* End PBXFileReference section */

/* Begin PBXFrameworksBuildPhase section */
		135720251D1BEF22002FFE64 /* Frameworks */ = {
			isa = PBXFrameworksBuildPhase;
			buildActionMask = 2147483647;
			files = (
			);
			runOnlyForDeploymentPostprocessing = 0;
		};
/* End PBXFrameworksBuildPhase section */

/* Begin PBXGroup section */
		1352B8CB1D2B68ED00A26252 /* RMSInterpolators */ = {
			isa = PBXGroup;
			children = (
				1352B8CC1D2B68ED00A26252 /* RMSBezierInterpolator.h */,
				1352B8CD1D2B68ED00A26252 /* RMSBezierInterpolator.m */,
			);
			path = RMSInterpolators;
			sourceTree = "<group>";
		};
		1356FBA71D3055B90045BE4F /* RMSViews */ = {
			isa = PBXGroup;
			children = (
				1356FBA81D3055B90045BE4F /* RMSIndexView.h */,
				1356FBA91D3055B90045BE4F /* RMSIndexView.m */,
				1356FBAA1D3055B90045BE4F /* RMSResultView.h */,
				1356FBAB1D3055B90045BE4F /* RMSResultView.m */,
			);
			path = RMSViews;
			sourceTree = "<group>";
		};
		1357201F1D1BEF22002FFE64 = {
			isa = PBXGroup;
			children = (
				1357202A1D1BEF22002FFE64 /* RMSAudio */,
				135720291D1BEF22002FFE64 /* Products */,
			);
			sourceTree = "<group>";
		};
		135720291D1BEF22002FFE64 /* Products */ = {
			isa = PBXGroup;
			children = (
				135720281D1BEF22002FFE64 /* RMSAudio.app */,
			);
			name = Products;
			sourceTree = "<group>";
		};
		1357202A1D1BEF22002FFE64 /* RMSAudio */ = {
			isa = PBXGroup;
			children = (
				135720421D1BF307002FFE64 /* RMSAudio */,
				1357202B1D1BEF22002FFE64 /* AppDelegate.h */,
				1357202C1D1BEF22002FFE64 /* AppDelegate.m */,
				135720311D1BEF22002FFE64 /* Document.h */,
				135720321D1BEF22002FFE64 /* Document.m */,
				135720341D1BEF22002FFE64 /* Document.xib */,
				135720371D1BEF22002FFE64 /* Assets.xcassets */,
				135720391D1BEF22002FFE64 /* MainMenu.xib */,
				1357203C1D1BEF22002FFE64 /* Info.plist */,
				1357202E1D1BEF22002FFE64 /* Supporting Files */,
			);
			path = RMSAudio;
			sourceTree = "<group>";
		};
		1357202E1D1BEF22002FFE64 /* Supporting Files */ = {
			isa = PBXGroup;
			children = (
				1357202F1D1BEF22002FFE64 /* main.m */,
			);
			name = "Supporting Files";
			sourceTree = "<group>";
		};
		135720421D1BF307002FFE64 /* RMSAudio */ = {
			isa = PBXGroup;
			children = (
				1356FBA71D3055B90045BE4F /* RMSViews */,
				135720511D1BF375002FFE64 /* RMSAudio.h */,
				135720681D1BF8C7002FFE64 /* RMSSource */,
				135720521D1BF52A002FFE64 /* RMSUtilities */,
			);
			path = RMSAudio;
			sourceTree = "<group>";
		};
		135720521D1BF52A002FFE64 /* RMSUtilities */ = {
			isa = PBXGroup;
			children = (
				139EEFD31D2F0E3F00ADC307 /* rmsbuffer_t.c */,
				139EEFD41D2F0E3F00ADC307 /* rmsbuffer_t.h */,
				1356FBA41D3052830045BE4F /* rmslevels.c */,
				1356FBA51D3052830045BE4F /* rmslevels.h */,
				13D15E381D2F8334006232A0 /* RMSTimer.h */,
				13D15E391D2F8334006232A0 /* RMSTimer.m */,
				1352B8CB1D2B68ED00A26252 /* RMSInterpolators */,
				135720531D1BF63A002FFE64 /* RMSUtilities.h */,
				135720541D1BF63A002FFE64 /* RMSUtilities.m */,
			);
			path = RMSUtilities;
			sourceTree = "<group>";
		};
		135720681D1BF8C7002FFE64 /* RMSSource */ = {
			isa = PBXGroup;
			children = (
				135720691D1BF8C7002FFE64 /* RMSCallback.h */,
				1357206A1D1BF8C7002FFE64 /* RMSCallback.m */,
				1357206B1D1BF8C7002FFE64 /* RMSSource.h */,
				1357206C1D1BF8C7002FFE64 /* RMSSource.m */,
				1357206D1D1BF8C7002FFE64 /* RMSSourceTypes */,
			);
			path = RMSSource;
			sourceTree = "<group>";
		};
		1357206D1D1BF8C7002FFE64 /* RMSSourceTypes */ = {
			isa = PBXGroup;
			children = (
				13D15E331D2F7BBE006232A0 /* RMSMonitorTypes */,
				139B04041D27D17700A754A6 /* RMSVarispeed */,
				1357206E1D1BF8C7002FFE64 /* RMSAudioUnit */,
			);
			path = RMSSourceTypes;
			sourceTree = "<group>";
		};
		1357206E1D1BF8C7002FFE64 /* RMSAudioUnit */ = {
			isa = PBXGroup;
			children = (
				1357206F1D1BF8C7002FFE64 /* RMSAudioUnit.h */,
				135720701D1BF8C7002FFE64 /* RMSAudioUnit.m */,
				135720711D1BF8C7002FFE64 /* RMSAudioUnitTypes */,
				135720891D1BF95D002FFE64 /* RMSAudioUnitUtilities */,
			);
			path = RMSAudioUnit;
			sourceTree = "<group>";
		};
		135720711D1BF8C7002FFE64 /* RMSAudioUnitTypes */ = {
			isa = PBXGroup;
			children = (
				135720721D1BF8C7002FFE64 /* RMSAudioUnitFilePlayer */,
				135720751D1BF8C7002FFE64 /* RMSAudioUnitPlatformIO */,
				1357207C1D1BF8C7002FFE64 /* RMSAudioUnitVarispeed */,
			);
			path = RMSAudioUnitTypes;
			sourceTree = "<group>";
		};
		135720721D1BF8C7002FFE64 /* RMSAudioUnitFilePlayer */ = {
			isa = PBXGroup;
			children = (
				135720731D1BF8C7002FFE64 /* RMSAudioUnitFilePlayer.h */,
				135720741D1BF8C7002FFE64 /* RMSAudioUnitFilePlayer.m */,
			);
			path = RMSAudioUnitFilePlayer;
			sourceTree = "<group>";
		};
		135720751D1BF8C7002FFE64 /* RMSAudioUnitPlatformIO */ = {
			isa = PBXGroup;
			children = (
				135720761D1BF8C7002FFE64 /* RMSAudioUnitPlatformIO.h */,
				135720771D1BF8C7002FFE64 /* RMSAudioUnitPlatformIO.m */,
				1357207A1D1BF8C7002FFE64 /* RMSOutput.h */,
				1357207B1D1BF8C7002FFE64 /* RMSOutput.m */,
			);
			path = RMSAudioUnitPlatformIO;
			sourceTree = "<group>";
		};
		1357207C1D1BF8C7002FFE64 /* RMSAudioUnitVarispeed */ = {
			isa = PBXGroup;
			children = (
				1357207D1D1BF8C7002FFE64 /* RMSAudioUnitVarispeed.h */,
				1357207E1D1BF8C7002FFE64 /* RMSAudioUnitVarispeed.m */,
			);
			path = RMSAudioUnitVarispeed;
			sourceTree = "<group>";
		};
		135720891D1BF95D002FFE64 /* RMSAudioUnitUtilities */ = {
			isa = PBXGroup;
			children = (
				1357208A1D1BF95D002FFE64 /* RMSAudiounitUtilities.h */,
				1357208B1D1BF95D002FFE64 /* RMSAudioUnitUtilities.m */,
			);
			path = RMSAudioUnitUtilities;
			sourceTree = "<group>";
		};
		139B04041D27D17700A754A6 /* RMSVarispeed */ = {
			isa = PBXGroup;
			children = (
				139B04051D27D17700A754A6 /* RMSVarispeed.h */,
				139B04061D27D17700A754A6 /* RMSVarispeed.m */,
			);
			path = RMSVarispeed;
			sourceTree = "<group>";
		};
		13D15E331D2F7BBE006232A0 /* RMSMonitorTypes */ = {
			isa = PBXGroup;
			children = (
				13D15E341D2F7BBE006232A0 /* RMSSampleMonitor */,
			);
			path = RMSMonitorTypes;
			sourceTree = "<group>";
		};
		13D15E341D2F7BBE006232A0 /* RMSSampleMonitor */ = {
			isa = PBXGroup;
			children = (
				13D15E351D2F7BBE006232A0 /* RMSSampleMonitor.h */,
				13D15E361D2F7BBE006232A0 /* RMSSampleMonitor.m */,
			);
			path = RMSSampleMonitor;
			sourceTree = "<group>";
		};
/* End PBXGroup section */

/* Begin PBXNativeTarget section */
		135720271D1BEF22002FFE64 /* RMSAudio */ = {
			isa = PBXNativeTarget;
			buildConfigurationList = 1357203F1D1BEF22002FFE64 /* Build configuration list for PBXNativeTarget "RMSAudio" */;
			buildPhases = (
				135720241D1BEF22002FFE64 /* Sources */,
				135720251D1BEF22002FFE64 /* Frameworks */,
				135720261D1BEF22002FFE64 /* Resources */,
			);
			buildRules = (
			);
			dependencies = (
			);
			name = RMSAudio;
			productName = RMSAudio;
			productReference = 135720281D1BEF22002FFE64 /* RMSAudio.app */;
			productType = "com.apple.product-type.application";
		};
/* End PBXNativeTarget section */

/* Begin PBXProject section */
		135720201D1BEF22002FFE64 /* Project object */ = {
			isa = PBXProject;
			attributes = {
				LastUpgradeCheck = 0730;
				ORGANIZATIONNAME = 32BT;
				TargetAttributes = {
					135720271D1BEF22002FFE64 = {
						CreatedOnToolsVersion = 7.3.1;
					};
				};
			};
			buildConfigurationList = 135720231D1BEF22002FFE64 /* Build configuration list for PBXProject "RMSAudio" */;
			compatibilityVersion = "Xcode 3.2";
			developmentRegion = English;
			hasScannedForEncodings = 0;
			knownRegions = (
				en,
				Base,
			);
			mainGroup = 1357201F1D1BEF22002FFE64;
			productRefGroup = 135720291D1BEF22002FFE64 /* Products */;
			projectDirPath = "";
			projectRoot = "";
			targets = (
				135720271D1BEF22002FFE64 /* RMSAudio */,
			);
		};
/* End PBXProject section */

/* Begin PBXResourcesBuildPhase section */
		135720261D1BEF22002FFE64 /* Resources */ = {
			isa = PBXResourcesBuildPhase;
			buildActionMask = 2147483647;
			files = (
				135720381D1BEF22002FFE64 /* Assets.xcassets in Resources */,
				135720361D1BEF22002FFE64 /* Document.xib in Resources */,
				1357203B1D1BEF22002FFE64 /* MainMenu.xib in Resources */,
			);
			runOnlyForDeploymentPostprocessing = 0;
		};
/* End PBXResourcesBuildPhase section */

/* Begin PBXSourcesBuildPhase section */
		135720241D1BEF22002FFE64 /* Sources */ = {
			isa = PBXSourcesBuildPhase;
			buildActionMask = 2147483647;
			files = (
				1357208C1D1BF95D002FFE64 /* RMSAudioUnitUtilities.m in Sources */,
				135720831D1BF8C7002FFE64 /* RMSAudioUnit.m in Sources */,
				135720331D1BEF22002FFE64 /* Document.m in Sources */,
				135720551D1BF63A002FFE64 /* RMSUtilities.m in Sources */,
				135720871D1BF8C7002FFE64 /* RMSOutput.m in Sources */,
				1356FBA61D3052830045BE4F /* rmslevels.c in Sources */,
				139B04071D27D17700A754A6 /* RMSVarispeed.m in Sources */,
				135720301D1BEF22002FFE64 /* main.m in Sources */,
				135720851D1BF8C7002FFE64 /* RMSAudioUnitPlatformIO.m in Sources */,
				135720841D1BF8C7002FFE64 /* RMSAudioUnitFilePlayer.m in Sources */,
				13D15E371D2F7BBE006232A0 /* RMSSampleMonitor.m in Sources */,
				135720821D1BF8C7002FFE64 /* RMSSource.m in Sources */,
				135720881D1BF8C7002FFE64 /* RMSAudioUnitVarispeed.m in Sources */,
				139EEFD51D2F0E3F00ADC307 /* rmsbuffer_t.c in Sources */,
				1357202D1D1BEF22002FFE64 /* AppDelegate.m in Sources */,
				1352B8CE1D2B68ED00A26252 /* RMSBezierInterpolator.m in Sources */,
				1356FBAC1D3055B90045BE4F /* RMSIndexView.m in Sources */,
				13D15E3A1D2F8334006232A0 /* RMSTimer.m in Sources */,
				1356FBAD1D3055B90045BE4F /* RMSResultView.m in Sources */,
				135720811D1BF8C7002FFE64 /* RMSCallback.m in Sources */,
			);
			runOnlyForDeploymentPostprocessing = 0;
		};
/* End PBXSourcesBuildPhase section */

/* Begin PBXVariantGroup section */
		135720341D1BEF22002FFE64 /* Document.xib */ = {
			isa = PBXVariantGroup;
			children = (
				135720351D1BEF22002FFE64 /* Base */,
			);
			name = Document.xib;
			sourceTree = "<group>";
		};
		135720391D1BEF22002FFE64 /* MainMenu.xib */ = {
			isa = PBXVariantGroup;
			children = (
				1357203A1D1BEF22002FFE64 /* Base */,
			);
			name = MainMenu.xib;
			sourceTree = "<group>";
		};
/* End PBXVariantGroup section */

/* Begin XCBuildConfiguration section */
		1357203D1D1BEF22002FFE64 /* Debug */ = {
			isa = XCBuildConfiguration;
			buildSettings = {
				ALWAYS_SEARCH_USER_PATHS = NO;
				CLANG_ANALYZER_NONNULL = YES;
				CLANG_CXX_LANGUAGE_STANDARD = "gnu++0x";
				CLANG_CXX_LIBRARY = "libc++";
				CLANG_ENABLE_MODULES = YES;
				CLANG_ENABLE_OBJC_ARC = YES;
				CLANG_WARN_BOOL_CONVERSION = YES;
				CLANG_WARN_CONSTANT_CONVERSION = YES;
				CLANG_WARN_DIRECT_OBJC_ISA_USAGE = YES_ERROR;
				CLANG_WARN_EMPTY_BODY = YES;
				CLANG_WARN_ENUM_CONVERSION = YES;
				CLANG_WARN_INT_CONVERSION = YES;
				CLANG_WARN_OBJC_ROOT_CLASS = YES_ERROR;
				CLANG_WARN_UNREACHABLE_CODE = YES;
				CLANG_WARN__DUPLICATE_METHOD_MATCH = YES;
				CODE_SIGN_IDENTITY = "-";
				COPY_PHASE_STRIP = NO;
				DEBUG_INFORMATION_FORMAT = dwarf;
				ENABLE_STRICT_OBJC_MSGSEND = YES;
				ENABLE_TESTABILITY = YES;
				GCC_C_LANGUAGE_STANDARD = gnu99;
				GCC_DYNAMIC_NO_PIC = NO;
				GCC_NO_COMMON_BLOCKS = YES;
				GCC_OPTIMIZATION_LEVEL = 0;
				GCC_PREPROCESSOR_DEFINITIONS = (
					"DEBUG=1",
					"$(inherited)",
				);
				GCC_WARN_64_TO_32_BIT_CONVERSION = YES;
				GCC_WARN_ABOUT_RETURN_TYPE = YES_ERROR;
				GCC_WARN_UNDECLARED_SELECTOR = YES;
				GCC_WARN_UNINITIALIZED_AUTOS = YES_AGGRESSIVE;
				GCC_WARN_UNUSED_FUNCTION = YES;
				GCC_WARN_UNUSED_VARIABLE = YES;
				MACOSX_DEPLOYMENT_TARGET = 10.11;
				MTL_ENABLE_DEBUG_INFO = YES;
				ONLY_ACTIVE_ARCH = YES;
				SDKROOT = macosx;
			};
			name = Debug;
		};
		1357203E1D1BEF22002FFE64 /* Release */ = {
			isa = XCBuildConfiguration;
			buildSettings = {
				ALWAYS_SEARCH_USER_PATHS = NO;
				CLANG_ANALYZER_NONNULL = YES;
				CLANG_CXX_LANGUAGE_STANDARD = "gnu++0x";
				CLANG_CXX_LIBRARY = "libc++";
				CLANG_ENABLE_MODULES = YES;
				CLANG_ENABLE_OBJC_ARC = YES;
				CLANG_WARN_BOOL_CONVERSION = YES;
				CLANG_WARN_CONSTANT_CONVERSION = YES;
				CLANG_WARN_DIRECT_OBJC_ISA_USAGE = YES_ERROR;
				CLANG_WARN_EMPTY_BODY = YES;
				CLANG_WARN_ENUM_CONVERSION = YES;
				CLANG_WARN_INT_CONVERSION = YES;
				CLANG_WARN_OBJC_ROOT_CLASS = YES_ERROR;
				CLANG_WARN_UNREACHABLE_CODE = YES;
				CLANG_WARN__DUPLICATE_METHOD_MATCH = YES;
				CODE_SIGN_IDENTITY = "-";
				COPY_PHASE_STRIP = NO;
				DEBUG_INFORMATION_FORMAT = "dwarf-with-dsym";
				ENABLE_NS_ASSERTIONS = NO;
				ENABLE_STRICT_OBJC_MSGSEND = YES;
				GCC_C_LANGUAGE_STANDARD = gnu99;
				GCC_NO_COMMON_BLOCKS = YES;
				GCC_WARN_64_TO_32_BIT_CONVERSION = YES;
				GCC_WARN_ABOUT_RETURN_TYPE = YES_ERROR;
				GCC_WARN_UNDECLARED_SELECTOR = YES;
				GCC_WARN_UNINITIALIZED_AUTOS = YES_AGGRESSIVE;
				GCC_WARN_UNUSED_FUNCTION = YES;
				GCC_WARN_UNUSED_VARIABLE = YES;
				MACOSX_DEPLOYMENT_TARGET = 10.11;
				MTL_ENABLE_DEBUG_INFO = NO;
				SDKROOT = macosx;
			};
			name = Release;
		};
		135720401D1BEF22002FFE64 /* Debug */ = {
			isa = XCBuildConfiguration;
			buildSettings = {
				ASSETCATALOG_COMPILER_APPICON_NAME = AppIcon;
				COMBINE_HIDPI_IMAGES = YES;
				INFOPLIST_FILE = RMSAudio/Info.plist;
				LD_RUNPATH_SEARCH_PATHS = "$(inherited) @executable_path/../Frameworks";
				PRODUCT_BUNDLE_IDENTIFIER = com.32BT.RMSAudio;
				PRODUCT_NAME = "$(TARGET_NAME)";
			};
			name = Debug;
		};
		135720411D1BEF22002FFE64 /* Release */ = {
			isa = XCBuildConfiguration;
			buildSettings = {
				ASSETCATALOG_COMPILER_APPICON_NAME = AppIcon;
				COMBINE_HIDPI_IMAGES = YES;
				INFOPLIST_FILE = RMSAudio/Info.plist;
				LD_RUNPATH_SEARCH_PATHS = "$(inherited) @executable_path/../Frameworks";
				PRODUCT_BUNDLE_IDENTIFIER = com.32BT.RMSAudio;
				PRODUCT_NAME = "$(TARGET_NAME)";
			};
			name = Release;
		};
/* End XCBuildConfiguration section */

/* Begin XCConfigurationList section */
		135720231D1BEF22002FFE64 /* Build configuration list for PBXProject "RMSAudio" */ = {
			isa = XCConfigurationList;
			buildConfigurations = (
				1357203D1D1BEF22002FFE64 /* Debug */,
				1357203E1D1BEF22002FFE64 /* Release */,
			);
			defaultConfigurationIsVisible = 0;
			defaultConfigurationName = Release;
		};
		1357203F1D1BEF22002FFE64 /* Build configuration list for PBXNativeTarget "RMSAudio" */ = {
			isa = XCConfigurationList;
			buildConfigurations = (
				135720401D1BEF22002FFE64 /* Debug */,
				135720411D1BEF22002FFE64 /* Release */,
			);
			defaultConfigurationIsVisible = 0;
			defaultConfigurationName = Release;
		};
/* End XCConfigurationList section */
	};
	rootObject = 135720201D1BEF22002FFE64 /* Project object */;
}
