// !$*UTF8*$!
{
	archiveVersion = 1;
	classes = {
	};
	objectVersion = 46;
	objects = {

/* Begin PBXBuildFile section */
		1305C0C91D44712B0062E2CA /* AppDelegate.m in Sources */ = {isa = PBXBuildFile; fileRef = 1305C0BF1D44712B0062E2CA /* AppDelegate.m */; };
		1305C0CA1D44712B0062E2CA /* Assets.xcassets in Resources */ = {isa = PBXBuildFile; fileRef = 1305C0C01D44712B0062E2CA /* Assets.xcassets */; };
		1305C0CB1D44712B0062E2CA /* Document.xib in Resources */ = {isa = PBXBuildFile; fileRef = 1305C0C11D44712B0062E2CA /* Document.xib */; };
		1305C0CC1D44712B0062E2CA /* MainMenu.xib in Resources */ = {isa = PBXBuildFile; fileRef = 1305C0C31D44712B0062E2CA /* MainMenu.xib */; };
		1305C0CD1D44712B0062E2CA /* Document.m in Sources */ = {isa = PBXBuildFile; fileRef = 1305C0C61D44712B0062E2CA /* Document.m */; };
		1305C0CF1D44712B0062E2CA /* main.m in Sources */ = {isa = PBXBuildFile; fileRef = 1305C0C81D44712B0062E2CA /* main.m */; };
		13488BE51D447032009E99D6 /* RMSCallback.m in Sources */ = {isa = PBXBuildFile; fileRef = 13488BA71D447031009E99D6 /* RMSCallback.m */; };
		13488BE61D447032009E99D6 /* RMSCallback.m in Sources */ = {isa = PBXBuildFile; fileRef = 13488BA71D447031009E99D6 /* RMSCallback.m */; };
		13488BE71D447032009E99D6 /* RMSSource.m in Sources */ = {isa = PBXBuildFile; fileRef = 13488BA91D447031009E99D6 /* RMSSource.m */; };
		13488BE81D447032009E99D6 /* RMSSource.m in Sources */ = {isa = PBXBuildFile; fileRef = 13488BA91D447031009E99D6 /* RMSSource.m */; };
		13488BE91D447032009E99D6 /* RMSAudioUnit.m in Sources */ = {isa = PBXBuildFile; fileRef = 13488BAD1D447031009E99D6 /* RMSAudioUnit.m */; };
		13488BEA1D447032009E99D6 /* RMSAudioUnit.m in Sources */ = {isa = PBXBuildFile; fileRef = 13488BAD1D447031009E99D6 /* RMSAudioUnit.m */; };
		13488BEB1D447032009E99D6 /* RMSAudioUnitFilePlayer.m in Sources */ = {isa = PBXBuildFile; fileRef = 13488BB11D447032009E99D6 /* RMSAudioUnitFilePlayer.m */; };
		13488BEC1D447032009E99D6 /* RMSAudioUnitFilePlayer.m in Sources */ = {isa = PBXBuildFile; fileRef = 13488BB11D447032009E99D6 /* RMSAudioUnitFilePlayer.m */; };
		13488BED1D447032009E99D6 /* RMSAudioUnitPlatformIO.m in Sources */ = {isa = PBXBuildFile; fileRef = 13488BB41D447032009E99D6 /* RMSAudioUnitPlatformIO.m */; };
		13488BEE1D447032009E99D6 /* RMSAudioUnitPlatformIO.m in Sources */ = {isa = PBXBuildFile; fileRef = 13488BB41D447032009E99D6 /* RMSAudioUnitPlatformIO.m */; };
		13488BEF1D447032009E99D6 /* RMSInput.m in Sources */ = {isa = PBXBuildFile; fileRef = 13488BB61D447032009E99D6 /* RMSInput.m */; };
		13488BF01D447032009E99D6 /* RMSInput.m in Sources */ = {isa = PBXBuildFile; fileRef = 13488BB61D447032009E99D6 /* RMSInput.m */; };
		13488BF11D447032009E99D6 /* RMSOutput.m in Sources */ = {isa = PBXBuildFile; fileRef = 13488BB81D447032009E99D6 /* RMSOutput.m */; };
		13488BF21D447032009E99D6 /* RMSOutput.m in Sources */ = {isa = PBXBuildFile; fileRef = 13488BB81D447032009E99D6 /* RMSOutput.m */; };
		13488BF31D447032009E99D6 /* RMSAudioUnitVarispeed.m in Sources */ = {isa = PBXBuildFile; fileRef = 13488BBB1D447032009E99D6 /* RMSAudioUnitVarispeed.m */; };
		13488BF41D447032009E99D6 /* RMSAudioUnitVarispeed.m in Sources */ = {isa = PBXBuildFile; fileRef = 13488BBB1D447032009E99D6 /* RMSAudioUnitVarispeed.m */; };
		13488BF51D447032009E99D6 /* RMSAudioUnitUtilities.m in Sources */ = {isa = PBXBuildFile; fileRef = 13488BBE1D447032009E99D6 /* RMSAudioUnitUtilities.m */; };
		13488BF61D447032009E99D6 /* RMSAudioUnitUtilities.m in Sources */ = {isa = PBXBuildFile; fileRef = 13488BBE1D447032009E99D6 /* RMSAudioUnitUtilities.m */; };
		13488BF71D447032009E99D6 /* RMSAutoPan.m in Sources */ = {isa = PBXBuildFile; fileRef = 13488BC21D447032009E99D6 /* RMSAutoPan.m */; };
		13488BF81D447032009E99D6 /* RMSAutoPan.m in Sources */ = {isa = PBXBuildFile; fileRef = 13488BC21D447032009E99D6 /* RMSAutoPan.m */; };
		13488BF91D447032009E99D6 /* RMSVolume.m in Sources */ = {isa = PBXBuildFile; fileRef = 13488BC51D447032009E99D6 /* RMSVolume.m */; };
		13488BFA1D447032009E99D6 /* RMSVolume.m in Sources */ = {isa = PBXBuildFile; fileRef = 13488BC51D447032009E99D6 /* RMSVolume.m */; };
		13488BFB1D447032009E99D6 /* RMSSampleMonitor.m in Sources */ = {isa = PBXBuildFile; fileRef = 13488BC91D447032009E99D6 /* RMSSampleMonitor.m */; };
		13488BFC1D447032009E99D6 /* RMSSampleMonitor.m in Sources */ = {isa = PBXBuildFile; fileRef = 13488BC91D447032009E99D6 /* RMSSampleMonitor.m */; };
		13488BFD1D447032009E99D6 /* RMSVarispeed.m in Sources */ = {isa = PBXBuildFile; fileRef = 13488BCC1D447032009E99D6 /* RMSVarispeed.m */; };
		13488BFE1D447032009E99D6 /* RMSVarispeed.m in Sources */ = {isa = PBXBuildFile; fileRef = 13488BCC1D447032009E99D6 /* RMSVarispeed.m */; };
		13488BFF1D447032009E99D6 /* rmsbuffer.c in Sources */ = {isa = PBXBuildFile; fileRef = 13488BCE1D447032009E99D6 /* rmsbuffer.c */; };
		13488C001D447032009E99D6 /* rmsbuffer.c in Sources */ = {isa = PBXBuildFile; fileRef = 13488BCE1D447032009E99D6 /* rmsbuffer.c */; };
		13488C011D447032009E99D6 /* RMSDevice.m in Sources */ = {isa = PBXBuildFile; fileRef = 13488BD21D447032009E99D6 /* RMSDevice.m */; };
		13488C021D447032009E99D6 /* RMSDevice.m in Sources */ = {isa = PBXBuildFile; fileRef = 13488BD21D447032009E99D6 /* RMSDevice.m */; };
		13488C031D447032009E99D6 /* RMSDeviceManager.m in Sources */ = {isa = PBXBuildFile; fileRef = 13488BD41D447032009E99D6 /* RMSDeviceManager.m */; };
		13488C041D447032009E99D6 /* RMSDeviceManager.m in Sources */ = {isa = PBXBuildFile; fileRef = 13488BD41D447032009E99D6 /* RMSDeviceManager.m */; };
		13488C051D447032009E99D6 /* RMSBezierInterpolator.m in Sources */ = {isa = PBXBuildFile; fileRef = 13488BD71D447032009E99D6 /* RMSBezierInterpolator.m */; };
		13488C061D447032009E99D6 /* RMSBezierInterpolator.m in Sources */ = {isa = PBXBuildFile; fileRef = 13488BD71D447032009E99D6 /* RMSBezierInterpolator.m */; };
		13488C071D447032009E99D6 /* rmslevels.c in Sources */ = {isa = PBXBuildFile; fileRef = 13488BD81D447032009E99D6 /* rmslevels.c */; };
		13488C081D447032009E99D6 /* rmslevels.c in Sources */ = {isa = PBXBuildFile; fileRef = 13488BD81D447032009E99D6 /* rmslevels.c */; };
		13488C091D447032009E99D6 /* RMSRingBuffer.m in Sources */ = {isa = PBXBuildFile; fileRef = 13488BDB1D447032009E99D6 /* RMSRingBuffer.m */; };
		13488C0A1D447032009E99D6 /* RMSRingBuffer.m in Sources */ = {isa = PBXBuildFile; fileRef = 13488BDB1D447032009E99D6 /* RMSRingBuffer.m */; };
		13488C0B1D447032009E99D6 /* RMSTimer.m in Sources */ = {isa = PBXBuildFile; fileRef = 13488BDD1D447032009E99D6 /* RMSTimer.m */; };
		13488C0C1D447032009E99D6 /* RMSTimer.m in Sources */ = {isa = PBXBuildFile; fileRef = 13488BDD1D447032009E99D6 /* RMSTimer.m */; };
		13488C0D1D447032009E99D6 /* RMSUtilities.m in Sources */ = {isa = PBXBuildFile; fileRef = 13488BDF1D447032009E99D6 /* RMSUtilities.m */; };
		13488C0E1D447032009E99D6 /* RMSUtilities.m in Sources */ = {isa = PBXBuildFile; fileRef = 13488BDF1D447032009E99D6 /* RMSUtilities.m */; };
		13488C0F1D447032009E99D6 /* RMSIndexView.m in Sources */ = {isa = PBXBuildFile; fileRef = 13488BE21D447032009E99D6 /* RMSIndexView.m */; };
		13488C101D447032009E99D6 /* RMSIndexView.m in Sources */ = {isa = PBXBuildFile; fileRef = 13488BE21D447032009E99D6 /* RMSIndexView.m */; };
		13488C111D447032009E99D6 /* RMSResultView.m in Sources */ = {isa = PBXBuildFile; fileRef = 13488BE41D447032009E99D6 /* RMSResultView.m */; };
		13488C121D447032009E99D6 /* RMSResultView.m in Sources */ = {isa = PBXBuildFile; fileRef = 13488BE41D447032009E99D6 /* RMSResultView.m */; };
		137CB2BC1D4385DA00AA241A /* main.m in Sources */ = {isa = PBXBuildFile; fileRef = 137CB2BB1D4385DA00AA241A /* main.m */; };
		137CB2BF1D4385DA00AA241A /* AppDelegate.m in Sources */ = {isa = PBXBuildFile; fileRef = 137CB2BE1D4385DA00AA241A /* AppDelegate.m */; };
		137CB2C21D4385DA00AA241A /* ViewController.m in Sources */ = {isa = PBXBuildFile; fileRef = 137CB2C11D4385DA00AA241A /* ViewController.m */; };
		137CB2C51D4385DA00AA241A /* Main.storyboard in Resources */ = {isa = PBXBuildFile; fileRef = 137CB2C31D4385DA00AA241A /* Main.storyboard */; };
		137CB2C71D4385DA00AA241A /* Assets.xcassets in Resources */ = {isa = PBXBuildFile; fileRef = 137CB2C61D4385DA00AA241A /* Assets.xcassets */; };
		137CB2CA1D4385DA00AA241A /* LaunchScreen.storyboard in Resources */ = {isa = PBXBuildFile; fileRef = 137CB2C81D4385DA00AA241A /* LaunchScreen.storyboard */; };
		137EA07D1D4DCF9A00961DBA /* RMSLink.m in Sources */ = {isa = PBXBuildFile; fileRef = 137EA07C1D4DCF9A00961DBA /* RMSLink.m */; };
		137EA07E1D4DCFA100961DBA /* RMSLink.m in Sources */ = {isa = PBXBuildFile; fileRef = 137EA07C1D4DCF9A00961DBA /* RMSLink.m */; };
		13C2F9061D4CB26800B35F3E /* RMSAudioUnitConverter.m in Sources */ = {isa = PBXBuildFile; fileRef = 13C2F9051D4CB26800B35F3E /* RMSAudioUnitConverter.m */; };
		13C2F9071D4CB26800B35F3E /* RMSAudioUnitConverter.m in Sources */ = {isa = PBXBuildFile; fileRef = 13C2F9051D4CB26800B35F3E /* RMSAudioUnitConverter.m */; };
		13C2F90B1D4CD28300B35F3E /* RMSMixer.m in Sources */ = {isa = PBXBuildFile; fileRef = 13C2F90A1D4CD28300B35F3E /* RMSMixer.m */; };
		13C2F90C1D4CD28300B35F3E /* RMSMixer.m in Sources */ = {isa = PBXBuildFile; fileRef = 13C2F90A1D4CD28300B35F3E /* RMSMixer.m */; };
		13CFA1CF1D4E0C9C00728B03 /* RMSClip.m in Sources */ = {isa = PBXBuildFile; fileRef = 13CFA1CE1D4E0C9C00728B03 /* RMSClip.m */; };
		13CFA1D01D4E0C9C00728B03 /* RMSClip.m in Sources */ = {isa = PBXBuildFile; fileRef = 13CFA1CE1D4E0C9C00728B03 /* RMSClip.m */; };
		13CFA1D41D4E279400728B03 /* RMSFileRecorder.m in Sources */ = {isa = PBXBuildFile; fileRef = 13CFA1D31D4E279400728B03 /* RMSFileRecorder.m */; };
		13CFA1D51D4E279400728B03 /* RMSFileRecorder.m in Sources */ = {isa = PBXBuildFile; fileRef = 13CFA1D31D4E279400728B03 /* RMSFileRecorder.m */; };
/* End PBXBuildFile section */

/* Begin PBXFileReference section */
		1305C0BE1D44712B0062E2CA /* AppDelegate.h */ = {isa = PBXFileReference; fileEncoding = 4; lastKnownFileType = sourcecode.c.h; path = AppDelegate.h; sourceTree = "<group>"; };
		1305C0BF1D44712B0062E2CA /* AppDelegate.m */ = {isa = PBXFileReference; fileEncoding = 4; lastKnownFileType = sourcecode.c.objc; path = AppDelegate.m; sourceTree = "<group>"; };
		1305C0C01D44712B0062E2CA /* Assets.xcassets */ = {isa = PBXFileReference; lastKnownFileType = folder.assetcatalog; path = Assets.xcassets; sourceTree = "<group>"; };
		1305C0C21D44712B0062E2CA /* Base */ = {isa = PBXFileReference; lastKnownFileType = file.xib; name = Base; path = Base.lproj/Document.xib; sourceTree = "<group>"; };
		1305C0C41D44712B0062E2CA /* Base */ = {isa = PBXFileReference; lastKnownFileType = file.xib; name = Base; path = Base.lproj/MainMenu.xib; sourceTree = "<group>"; };
		1305C0C51D44712B0062E2CA /* Document.h */ = {isa = PBXFileReference; fileEncoding = 4; lastKnownFileType = sourcecode.c.h; path = Document.h; sourceTree = "<group>"; };
		1305C0C61D44712B0062E2CA /* Document.m */ = {isa = PBXFileReference; fileEncoding = 4; lastKnownFileType = sourcecode.c.objc; path = Document.m; sourceTree = "<group>"; };
		1305C0C71D44712B0062E2CA /* Info.plist */ = {isa = PBXFileReference; fileEncoding = 4; lastKnownFileType = text.plist.xml; path = Info.plist; sourceTree = "<group>"; };
		1305C0C81D44712B0062E2CA /* main.m */ = {isa = PBXFileReference; fileEncoding = 4; lastKnownFileType = sourcecode.c.objc; path = main.m; sourceTree = "<group>"; };
		13488BA41D447031009E99D6 /* RMSAudio.h */ = {isa = PBXFileReference; fileEncoding = 4; lastKnownFileType = sourcecode.c.h; path = RMSAudio.h; sourceTree = "<group>"; };
		13488BA61D447031009E99D6 /* RMSCallback.h */ = {isa = PBXFileReference; fileEncoding = 4; lastKnownFileType = sourcecode.c.h; path = RMSCallback.h; sourceTree = "<group>"; };
		13488BA71D447031009E99D6 /* RMSCallback.m */ = {isa = PBXFileReference; fileEncoding = 4; lastKnownFileType = sourcecode.c.objc; path = RMSCallback.m; sourceTree = "<group>"; };
		13488BA81D447031009E99D6 /* RMSSource.h */ = {isa = PBXFileReference; fileEncoding = 4; lastKnownFileType = sourcecode.c.h; path = RMSSource.h; sourceTree = "<group>"; };
		13488BA91D447031009E99D6 /* RMSSource.m */ = {isa = PBXFileReference; fileEncoding = 4; lastKnownFileType = sourcecode.c.objc; path = RMSSource.m; sourceTree = "<group>"; };
		13488BAC1D447031009E99D6 /* RMSAudioUnit.h */ = {isa = PBXFileReference; fileEncoding = 4; lastKnownFileType = sourcecode.c.h; path = RMSAudioUnit.h; sourceTree = "<group>"; };
		13488BAD1D447031009E99D6 /* RMSAudioUnit.m */ = {isa = PBXFileReference; fileEncoding = 4; lastKnownFileType = sourcecode.c.objc; path = RMSAudioUnit.m; sourceTree = "<group>"; };
		13488BB01D447032009E99D6 /* RMSAudioUnitFilePlayer.h */ = {isa = PBXFileReference; fileEncoding = 4; lastKnownFileType = sourcecode.c.h; path = RMSAudioUnitFilePlayer.h; sourceTree = "<group>"; };
		13488BB11D447032009E99D6 /* RMSAudioUnitFilePlayer.m */ = {isa = PBXFileReference; fileEncoding = 4; lastKnownFileType = sourcecode.c.objc; path = RMSAudioUnitFilePlayer.m; sourceTree = "<group>"; };
		13488BB31D447032009E99D6 /* RMSAudioUnitPlatformIO.h */ = {isa = PBXFileReference; fileEncoding = 4; lastKnownFileType = sourcecode.c.h; path = RMSAudioUnitPlatformIO.h; sourceTree = "<group>"; };
		13488BB41D447032009E99D6 /* RMSAudioUnitPlatformIO.m */ = {isa = PBXFileReference; fileEncoding = 4; lastKnownFileType = sourcecode.c.objc; path = RMSAudioUnitPlatformIO.m; sourceTree = "<group>"; };
		13488BB51D447032009E99D6 /* RMSInput.h */ = {isa = PBXFileReference; fileEncoding = 4; lastKnownFileType = sourcecode.c.h; path = RMSInput.h; sourceTree = "<group>"; };
		13488BB61D447032009E99D6 /* RMSInput.m */ = {isa = PBXFileReference; fileEncoding = 4; lastKnownFileType = sourcecode.c.objc; path = RMSInput.m; sourceTree = "<group>"; };
		13488BB71D447032009E99D6 /* RMSOutput.h */ = {isa = PBXFileReference; fileEncoding = 4; lastKnownFileType = sourcecode.c.h; path = RMSOutput.h; sourceTree = "<group>"; };
		13488BB81D447032009E99D6 /* RMSOutput.m */ = {isa = PBXFileReference; fileEncoding = 4; lastKnownFileType = sourcecode.c.objc; path = RMSOutput.m; sourceTree = "<group>"; };
		13488BBA1D447032009E99D6 /* RMSAudioUnitVarispeed.h */ = {isa = PBXFileReference; fileEncoding = 4; lastKnownFileType = sourcecode.c.h; path = RMSAudioUnitVarispeed.h; sourceTree = "<group>"; };
		13488BBB1D447032009E99D6 /* RMSAudioUnitVarispeed.m */ = {isa = PBXFileReference; fileEncoding = 4; lastKnownFileType = sourcecode.c.objc; path = RMSAudioUnitVarispeed.m; sourceTree = "<group>"; };
		13488BBD1D447032009E99D6 /* RMSAudiounitUtilities.h */ = {isa = PBXFileReference; fileEncoding = 4; lastKnownFileType = sourcecode.c.h; path = RMSAudiounitUtilities.h; sourceTree = "<group>"; };
		13488BBE1D447032009E99D6 /* RMSAudioUnitUtilities.m */ = {isa = PBXFileReference; fileEncoding = 4; lastKnownFileType = sourcecode.c.objc; path = RMSAudioUnitUtilities.m; sourceTree = "<group>"; };
		13488BC11D447032009E99D6 /* RMSAutoPan.h */ = {isa = PBXFileReference; fileEncoding = 4; lastKnownFileType = sourcecode.c.h; path = RMSAutoPan.h; sourceTree = "<group>"; };
		13488BC21D447032009E99D6 /* RMSAutoPan.m */ = {isa = PBXFileReference; fileEncoding = 4; lastKnownFileType = sourcecode.c.objc; path = RMSAutoPan.m; sourceTree = "<group>"; };
		13488BC41D447032009E99D6 /* RMSVolume.h */ = {isa = PBXFileReference; fileEncoding = 4; lastKnownFileType = sourcecode.c.h; path = RMSVolume.h; sourceTree = "<group>"; };
		13488BC51D447032009E99D6 /* RMSVolume.m */ = {isa = PBXFileReference; fileEncoding = 4; lastKnownFileType = sourcecode.c.objc; path = RMSVolume.m; sourceTree = "<group>"; };
		13488BC81D447032009E99D6 /* RMSSampleMonitor.h */ = {isa = PBXFileReference; fileEncoding = 4; lastKnownFileType = sourcecode.c.h; path = RMSSampleMonitor.h; sourceTree = "<group>"; };
		13488BC91D447032009E99D6 /* RMSSampleMonitor.m */ = {isa = PBXFileReference; fileEncoding = 4; lastKnownFileType = sourcecode.c.objc; path = RMSSampleMonitor.m; sourceTree = "<group>"; };
		13488BCB1D447032009E99D6 /* RMSVarispeed.h */ = {isa = PBXFileReference; fileEncoding = 4; lastKnownFileType = sourcecode.c.h; path = RMSVarispeed.h; sourceTree = "<group>"; };
		13488BCC1D447032009E99D6 /* RMSVarispeed.m */ = {isa = PBXFileReference; fileEncoding = 4; lastKnownFileType = sourcecode.c.objc; path = RMSVarispeed.m; sourceTree = "<group>"; };
		13488BCE1D447032009E99D6 /* rmsbuffer.c */ = {isa = PBXFileReference; fileEncoding = 4; lastKnownFileType = sourcecode.c.c; path = rmsbuffer.c; sourceTree = "<group>"; };
		13488BCF1D447032009E99D6 /* rmsbuffer.h */ = {isa = PBXFileReference; fileEncoding = 4; lastKnownFileType = sourcecode.c.h; path = rmsbuffer.h; sourceTree = "<group>"; };
		13488BD11D447032009E99D6 /* RMSDevice.h */ = {isa = PBXFileReference; fileEncoding = 4; lastKnownFileType = sourcecode.c.h; path = RMSDevice.h; sourceTree = "<group>"; };
		13488BD21D447032009E99D6 /* RMSDevice.m */ = {isa = PBXFileReference; fileEncoding = 4; lastKnownFileType = sourcecode.c.objc; path = RMSDevice.m; sourceTree = "<group>"; };
		13488BD31D447032009E99D6 /* RMSDeviceManager.h */ = {isa = PBXFileReference; fileEncoding = 4; lastKnownFileType = sourcecode.c.h; path = RMSDeviceManager.h; sourceTree = "<group>"; };
		13488BD41D447032009E99D6 /* RMSDeviceManager.m */ = {isa = PBXFileReference; fileEncoding = 4; lastKnownFileType = sourcecode.c.objc; path = RMSDeviceManager.m; sourceTree = "<group>"; };
		13488BD61D447032009E99D6 /* RMSBezierInterpolator.h */ = {isa = PBXFileReference; fileEncoding = 4; lastKnownFileType = sourcecode.c.h; path = RMSBezierInterpolator.h; sourceTree = "<group>"; };
		13488BD71D447032009E99D6 /* RMSBezierInterpolator.m */ = {isa = PBXFileReference; fileEncoding = 4; lastKnownFileType = sourcecode.c.objc; path = RMSBezierInterpolator.m; sourceTree = "<group>"; };
		13488BD81D447032009E99D6 /* rmslevels.c */ = {isa = PBXFileReference; fileEncoding = 4; lastKnownFileType = sourcecode.c.c; path = rmslevels.c; sourceTree = "<group>"; };
		13488BD91D447032009E99D6 /* rmslevels.h */ = {isa = PBXFileReference; fileEncoding = 4; lastKnownFileType = sourcecode.c.h; path = rmslevels.h; sourceTree = "<group>"; };
		13488BDA1D447032009E99D6 /* RMSRingBuffer.h */ = {isa = PBXFileReference; fileEncoding = 4; lastKnownFileType = sourcecode.c.h; path = RMSRingBuffer.h; sourceTree = "<group>"; };
		13488BDB1D447032009E99D6 /* RMSRingBuffer.m */ = {isa = PBXFileReference; fileEncoding = 4; lastKnownFileType = sourcecode.c.objc; path = RMSRingBuffer.m; sourceTree = "<group>"; };
		13488BDC1D447032009E99D6 /* RMSTimer.h */ = {isa = PBXFileReference; fileEncoding = 4; lastKnownFileType = sourcecode.c.h; path = RMSTimer.h; sourceTree = "<group>"; };
		13488BDD1D447032009E99D6 /* RMSTimer.m */ = {isa = PBXFileReference; fileEncoding = 4; lastKnownFileType = sourcecode.c.objc; path = RMSTimer.m; sourceTree = "<group>"; };
		13488BDE1D447032009E99D6 /* RMSUtilities.h */ = {isa = PBXFileReference; fileEncoding = 4; lastKnownFileType = sourcecode.c.h; path = RMSUtilities.h; sourceTree = "<group>"; };
		13488BDF1D447032009E99D6 /* RMSUtilities.m */ = {isa = PBXFileReference; fileEncoding = 4; lastKnownFileType = sourcecode.c.objc; path = RMSUtilities.m; sourceTree = "<group>"; };
		13488BE11D447032009E99D6 /* RMSIndexView.h */ = {isa = PBXFileReference; fileEncoding = 4; lastKnownFileType = sourcecode.c.h; path = RMSIndexView.h; sourceTree = "<group>"; };
		13488BE21D447032009E99D6 /* RMSIndexView.m */ = {isa = PBXFileReference; fileEncoding = 4; lastKnownFileType = sourcecode.c.objc; path = RMSIndexView.m; sourceTree = "<group>"; };
		13488BE31D447032009E99D6 /* RMSResultView.h */ = {isa = PBXFileReference; fileEncoding = 4; lastKnownFileType = sourcecode.c.h; path = RMSResultView.h; sourceTree = "<group>"; };
		13488BE41D447032009E99D6 /* RMSResultView.m */ = {isa = PBXFileReference; fileEncoding = 4; lastKnownFileType = sourcecode.c.objc; path = RMSResultView.m; sourceTree = "<group>"; };
		135720281D1BEF22002FFE64 /* RMSAudio.app */ = {isa = PBXFileReference; explicitFileType = wrapper.application; includeInIndex = 0; path = RMSAudio.app; sourceTree = BUILT_PRODUCTS_DIR; };
		137CB2B81D4385DA00AA241A /* RMSAudio iOS.app */ = {isa = PBXFileReference; explicitFileType = wrapper.application; includeInIndex = 0; path = "RMSAudio iOS.app"; sourceTree = BUILT_PRODUCTS_DIR; };
		137CB2BB1D4385DA00AA241A /* main.m */ = {isa = PBXFileReference; lastKnownFileType = sourcecode.c.objc; path = main.m; sourceTree = "<group>"; };
		137CB2BD1D4385DA00AA241A /* AppDelegate.h */ = {isa = PBXFileReference; lastKnownFileType = sourcecode.c.h; path = AppDelegate.h; sourceTree = "<group>"; };
		137CB2BE1D4385DA00AA241A /* AppDelegate.m */ = {isa = PBXFileReference; lastKnownFileType = sourcecode.c.objc; path = AppDelegate.m; sourceTree = "<group>"; };
		137CB2C01D4385DA00AA241A /* ViewController.h */ = {isa = PBXFileReference; lastKnownFileType = sourcecode.c.h; path = ViewController.h; sourceTree = "<group>"; };
		137CB2C11D4385DA00AA241A /* ViewController.m */ = {isa = PBXFileReference; lastKnownFileType = sourcecode.c.objc; path = ViewController.m; sourceTree = "<group>"; };
		137CB2C41D4385DA00AA241A /* Base */ = {isa = PBXFileReference; lastKnownFileType = file.storyboard; name = Base; path = Base.lproj/Main.storyboard; sourceTree = "<group>"; };
		137CB2C61D4385DA00AA241A /* Assets.xcassets */ = {isa = PBXFileReference; lastKnownFileType = folder.assetcatalog; path = Assets.xcassets; sourceTree = "<group>"; };
		137CB2C91D4385DA00AA241A /* Base */ = {isa = PBXFileReference; lastKnownFileType = file.storyboard; name = Base; path = Base.lproj/LaunchScreen.storyboard; sourceTree = "<group>"; };
		137CB2CB1D4385DA00AA241A /* Info.plist */ = {isa = PBXFileReference; lastKnownFileType = text.plist.xml; path = Info.plist; sourceTree = "<group>"; };
		137EA07B1D4DCF9A00961DBA /* RMSLink.h */ = {isa = PBXFileReference; fileEncoding = 4; lastKnownFileType = sourcecode.c.h; name = RMSLink.h; path = RMSSourceTypes/RMSMixer/RMSLink.h; sourceTree = "<group>"; };
		137EA07C1D4DCF9A00961DBA /* RMSLink.m */ = {isa = PBXFileReference; fileEncoding = 4; lastKnownFileType = sourcecode.c.objc; name = RMSLink.m; path = RMSSourceTypes/RMSMixer/RMSLink.m; sourceTree = "<group>"; };
		13C2F9041D4CB26800B35F3E /* RMSAudioUnitConverter.h */ = {isa = PBXFileReference; fileEncoding = 4; lastKnownFileType = sourcecode.c.h; path = RMSAudioUnitConverter.h; sourceTree = "<group>"; };
		13C2F9051D4CB26800B35F3E /* RMSAudioUnitConverter.m */ = {isa = PBXFileReference; fileEncoding = 4; lastKnownFileType = sourcecode.c.objc; path = RMSAudioUnitConverter.m; sourceTree = "<group>"; };
		13C2F9091D4CD28300B35F3E /* RMSMixer.h */ = {isa = PBXFileReference; fileEncoding = 4; lastKnownFileType = sourcecode.c.h; path = RMSMixer.h; sourceTree = "<group>"; };
		13C2F90A1D4CD28300B35F3E /* RMSMixer.m */ = {isa = PBXFileReference; fileEncoding = 4; lastKnownFileType = sourcecode.c.objc; path = RMSMixer.m; sourceTree = "<group>"; };
		13CFA1CD1D4E0C9C00728B03 /* RMSClip.h */ = {isa = PBXFileReference; fileEncoding = 4; lastKnownFileType = sourcecode.c.h; path = RMSClip.h; sourceTree = "<group>"; };
		13CFA1CE1D4E0C9C00728B03 /* RMSClip.m */ = {isa = PBXFileReference; fileEncoding = 4; lastKnownFileType = sourcecode.c.objc; path = RMSClip.m; sourceTree = "<group>"; };
		13CFA1D21D4E279400728B03 /* RMSFileRecorder.h */ = {isa = PBXFileReference; fileEncoding = 4; lastKnownFileType = sourcecode.c.h; path = RMSFileRecorder.h; sourceTree = "<group>"; };
		13CFA1D31D4E279400728B03 /* RMSFileRecorder.m */ = {isa = PBXFileReference; fileEncoding = 4; lastKnownFileType = sourcecode.c.objc; path = RMSFileRecorder.m; sourceTree = "<group>"; };
/* End PBXFileReference section */

/* Begin PBXFrameworksBuildPhase section */
		135720251D1BEF22002FFE64 /* Frameworks */ = {
			isa = PBXFrameworksBuildPhase;
			buildActionMask = 2147483647;
			files = (
			);
			runOnlyForDeploymentPostprocessing = 0;
		};
		137CB2B51D4385DA00AA241A /* Frameworks */ = {
			isa = PBXFrameworksBuildPhase;
			buildActionMask = 2147483647;
			files = (
			);
			runOnlyForDeploymentPostprocessing = 0;
		};
/* End PBXFrameworksBuildPhase section */

/* Begin PBXGroup section */
		1305C0BD1D44712B0062E2CA /* RMSAudio OSX */ = {
			isa = PBXGroup;
			children = (
				1305C0BE1D44712B0062E2CA /* AppDelegate.h */,
				1305C0BF1D44712B0062E2CA /* AppDelegate.m */,
				1305C0C51D44712B0062E2CA /* Document.h */,
				1305C0C61D44712B0062E2CA /* Document.m */,
				1305C0C11D44712B0062E2CA /* Document.xib */,
				1305C0D01D4473C40062E2CA /* Supporting Files */,
			);
			path = "RMSAudio OSX";
			sourceTree = "<group>";
		};
		1305C0D01D4473C40062E2CA /* Supporting Files */ = {
			isa = PBXGroup;
			children = (
				1305C0C01D44712B0062E2CA /* Assets.xcassets */,
				1305C0C31D44712B0062E2CA /* MainMenu.xib */,
				1305C0C71D44712B0062E2CA /* Info.plist */,
				1305C0C81D44712B0062E2CA /* main.m */,
			);
			name = "Supporting Files";
			sourceTree = "<group>";
		};
		13488BA31D447031009E99D6 /* RMSAudio */ = {
			isa = PBXGroup;
			children = (
				13488BA41D447031009E99D6 /* RMSAudio.h */,
				13488BA51D447031009E99D6 /* RMSSource */,
				13488BCD1D447032009E99D6 /* RMSUtilities */,
				13488BE01D447032009E99D6 /* RMSViews */,
			);
			path = RMSAudio;
			sourceTree = "<group>";
		};
		13488BA51D447031009E99D6 /* RMSSource */ = {
			isa = PBXGroup;
			children = (
				137EA07B1D4DCF9A00961DBA /* RMSLink.h */,
				137EA07C1D4DCF9A00961DBA /* RMSLink.m */,
				13488BA61D447031009E99D6 /* RMSCallback.h */,
				13488BA71D447031009E99D6 /* RMSCallback.m */,
				13488BA81D447031009E99D6 /* RMSSource.h */,
				13488BA91D447031009E99D6 /* RMSSource.m */,
				13488BAA1D447031009E99D6 /* RMSSourceTypes */,
			);
			path = RMSSource;
			sourceTree = "<group>";
		};
		13488BAA1D447031009E99D6 /* RMSSourceTypes */ = {
			isa = PBXGroup;
			children = (
				13CFA1CC1D4E0C9C00728B03 /* RMSClip */,
				13C2F9081D4CD28300B35F3E /* RMSMixer */,
				13488BAB1D447031009E99D6 /* RMSAudioUnit */,
				13488BCA1D447032009E99D6 /* RMSVarispeed */,
				13488BBF1D447032009E99D6 /* RMSFilterTypes */,
				13488BC61D447032009E99D6 /* RMSMonitorTypes */,
			);
			path = RMSSourceTypes;
			sourceTree = "<group>";
		};
		13488BAB1D447031009E99D6 /* RMSAudioUnit */ = {
			isa = PBXGroup;
			children = (
				13488BAC1D447031009E99D6 /* RMSAudioUnit.h */,
				13488BAD1D447031009E99D6 /* RMSAudioUnit.m */,
				13488BAE1D447031009E99D6 /* RMSAudioUnitTypes */,
				13488BBC1D447032009E99D6 /* RMSAudioUnitUtilities */,
			);
			path = RMSAudioUnit;
			sourceTree = "<group>";
		};
		13488BAE1D447031009E99D6 /* RMSAudioUnitTypes */ = {
			isa = PBXGroup;
			children = (
				13488BB21D447032009E99D6 /* RMSAudioUnitPlatformIO */,
				13C2F9031D4CB26800B35F3E /* RMSAudioUnitConverter */,
				13488BAF1D447031009E99D6 /* RMSAudioUnitFilePlayer */,
				13488BB91D447032009E99D6 /* RMSAudioUnitVarispeed */,
			);
			path = RMSAudioUnitTypes;
			sourceTree = "<group>";
		};
		13488BAF1D447031009E99D6 /* RMSAudioUnitFilePlayer */ = {
			isa = PBXGroup;
			children = (
				13488BB01D447032009E99D6 /* RMSAudioUnitFilePlayer.h */,
				13488BB11D447032009E99D6 /* RMSAudioUnitFilePlayer.m */,
			);
			path = RMSAudioUnitFilePlayer;
			sourceTree = "<group>";
		};
		13488BB21D447032009E99D6 /* RMSAudioUnitPlatformIO */ = {
			isa = PBXGroup;
			children = (
				13488BB31D447032009E99D6 /* RMSAudioUnitPlatformIO.h */,
				13488BB41D447032009E99D6 /* RMSAudioUnitPlatformIO.m */,
				13488BB51D447032009E99D6 /* RMSInput.h */,
				13488BB61D447032009E99D6 /* RMSInput.m */,
				13488BB71D447032009E99D6 /* RMSOutput.h */,
				13488BB81D447032009E99D6 /* RMSOutput.m */,
			);
			path = RMSAudioUnitPlatformIO;
			sourceTree = "<group>";
		};
		13488BB91D447032009E99D6 /* RMSAudioUnitVarispeed */ = {
			isa = PBXGroup;
			children = (
				13488BBA1D447032009E99D6 /* RMSAudioUnitVarispeed.h */,
				13488BBB1D447032009E99D6 /* RMSAudioUnitVarispeed.m */,
			);
			path = RMSAudioUnitVarispeed;
			sourceTree = "<group>";
		};
		13488BBC1D447032009E99D6 /* RMSAudioUnitUtilities */ = {
			isa = PBXGroup;
			children = (
				13488BBD1D447032009E99D6 /* RMSAudiounitUtilities.h */,
				13488BBE1D447032009E99D6 /* RMSAudioUnitUtilities.m */,
			);
			path = RMSAudioUnitUtilities;
			sourceTree = "<group>";
		};
		13488BBF1D447032009E99D6 /* RMSFilterTypes */ = {
			isa = PBXGroup;
			children = (
				13488BC01D447032009E99D6 /* RMSAutoPan */,
				13488BC31D447032009E99D6 /* RMSVolume */,
			);
			path = RMSFilterTypes;
			sourceTree = "<group>";
		};
		13488BC01D447032009E99D6 /* RMSAutoPan */ = {
			isa = PBXGroup;
			children = (
				13488BC11D447032009E99D6 /* RMSAutoPan.h */,
				13488BC21D447032009E99D6 /* RMSAutoPan.m */,
			);
			path = RMSAutoPan;
			sourceTree = "<group>";
		};
		13488BC31D447032009E99D6 /* RMSVolume */ = {
			isa = PBXGroup;
			children = (
				13488BC41D447032009E99D6 /* RMSVolume.h */,
				13488BC51D447032009E99D6 /* RMSVolume.m */,
			);
			path = RMSVolume;
			sourceTree = "<group>";
		};
		13488BC61D447032009E99D6 /* RMSMonitorTypes */ = {
			isa = PBXGroup;
			children = (
				13488BC71D447032009E99D6 /* RMSSampleMonitor */,
			);
			path = RMSMonitorTypes;
			sourceTree = "<group>";
		};
		13488BC71D447032009E99D6 /* RMSSampleMonitor */ = {
			isa = PBXGroup;
			children = (
				13488BC81D447032009E99D6 /* RMSSampleMonitor.h */,
				13488BC91D447032009E99D6 /* RMSSampleMonitor.m */,
			);
			path = RMSSampleMonitor;
			sourceTree = "<group>";
		};
		13488BCA1D447032009E99D6 /* RMSVarispeed */ = {
			isa = PBXGroup;
			children = (
				13488BCB1D447032009E99D6 /* RMSVarispeed.h */,
				13488BCC1D447032009E99D6 /* RMSVarispeed.m */,
			);
			path = RMSVarispeed;
			sourceTree = "<group>";
		};
		13488BCD1D447032009E99D6 /* RMSUtilities */ = {
			isa = PBXGroup;
			children = (
				13CFA1D11D4E279400728B03 /* RMSFileRecorder */,
				13488BD01D447032009E99D6 /* RMSDeviceManager */,
				13488BD51D447032009E99D6 /* RMSInterpolators */,
				13488BD81D447032009E99D6 /* rmslevels.c */,
				13488BD91D447032009E99D6 /* rmslevels.h */,
				13488BCE1D447032009E99D6 /* rmsbuffer.c */,
				13488BCF1D447032009E99D6 /* rmsbuffer.h */,
				13488BDA1D447032009E99D6 /* RMSRingBuffer.h */,
				13488BDB1D447032009E99D6 /* RMSRingBuffer.m */,
				13488BDC1D447032009E99D6 /* RMSTimer.h */,
				13488BDD1D447032009E99D6 /* RMSTimer.m */,
				13488BDE1D447032009E99D6 /* RMSUtilities.h */,
				13488BDF1D447032009E99D6 /* RMSUtilities.m */,
			);
			path = RMSUtilities;
			sourceTree = "<group>";
		};
		13488BD01D447032009E99D6 /* RMSDeviceManager */ = {
			isa = PBXGroup;
			children = (
				13488BD11D447032009E99D6 /* RMSDevice.h */,
				13488BD21D447032009E99D6 /* RMSDevice.m */,
				13488BD31D447032009E99D6 /* RMSDeviceManager.h */,
				13488BD41D447032009E99D6 /* RMSDeviceManager.m */,
			);
			path = RMSDeviceManager;
			sourceTree = "<group>";
		};
		13488BD51D447032009E99D6 /* RMSInterpolators */ = {
			isa = PBXGroup;
			children = (
				13488BD61D447032009E99D6 /* RMSBezierInterpolator.h */,
				13488BD71D447032009E99D6 /* RMSBezierInterpolator.m */,
			);
			path = RMSInterpolators;
			sourceTree = "<group>";
		};
		13488BE01D447032009E99D6 /* RMSViews */ = {
			isa = PBXGroup;
			children = (
				13488BE11D447032009E99D6 /* RMSIndexView.h */,
				13488BE21D447032009E99D6 /* RMSIndexView.m */,
				13488BE31D447032009E99D6 /* RMSResultView.h */,
				13488BE41D447032009E99D6 /* RMSResultView.m */,
			);
			path = RMSViews;
			sourceTree = "<group>";
		};
		1357201F1D1BEF22002FFE64 = {
			isa = PBXGroup;
			children = (
				13488BA31D447031009E99D6 /* RMSAudio */,
				1305C0BD1D44712B0062E2CA /* RMSAudio OSX */,
				137CB2B91D4385DA00AA241A /* RMSAudio iOS */,
				135720291D1BEF22002FFE64 /* Products */,
			);
			sourceTree = "<group>";
		};
		135720291D1BEF22002FFE64 /* Products */ = {
			isa = PBXGroup;
			children = (
				135720281D1BEF22002FFE64 /* RMSAudio.app */,
				137CB2B81D4385DA00AA241A /* RMSAudio iOS.app */,
			);
			name = Products;
			sourceTree = "<group>";
		};
		137CB2B91D4385DA00AA241A /* RMSAudio iOS */ = {
			isa = PBXGroup;
			children = (
				137CB2BD1D4385DA00AA241A /* AppDelegate.h */,
				137CB2BE1D4385DA00AA241A /* AppDelegate.m */,
				137CB2C01D4385DA00AA241A /* ViewController.h */,
				137CB2C11D4385DA00AA241A /* ViewController.m */,
				137CB2BA1D4385DA00AA241A /* Supporting Files */,
			);
			path = "RMSAudio iOS";
			sourceTree = "<group>";
		};
		137CB2BA1D4385DA00AA241A /* Supporting Files */ = {
			isa = PBXGroup;
			children = (
				137CB2C31D4385DA00AA241A /* Main.storyboard */,
				137CB2C61D4385DA00AA241A /* Assets.xcassets */,
				137CB2C81D4385DA00AA241A /* LaunchScreen.storyboard */,
				137CB2CB1D4385DA00AA241A /* Info.plist */,
				137CB2BB1D4385DA00AA241A /* main.m */,
			);
			name = "Supporting Files";
			sourceTree = "<group>";
		};
		13C2F9031D4CB26800B35F3E /* RMSAudioUnitConverter */ = {
			isa = PBXGroup;
			children = (
				13C2F9041D4CB26800B35F3E /* RMSAudioUnitConverter.h */,
				13C2F9051D4CB26800B35F3E /* RMSAudioUnitConverter.m */,
			);
			path = RMSAudioUnitConverter;
			sourceTree = "<group>";
		};
		13C2F9081D4CD28300B35F3E /* RMSMixer */ = {
			isa = PBXGroup;
			children = (
				13C2F9091D4CD28300B35F3E /* RMSMixer.h */,
				13C2F90A1D4CD28300B35F3E /* RMSMixer.m */,
			);
			path = RMSMixer;
			sourceTree = "<group>";
		};
		13CFA1CC1D4E0C9C00728B03 /* RMSClip */ = {
			isa = PBXGroup;
			children = (
				13CFA1CD1D4E0C9C00728B03 /* RMSClip.h */,
				13CFA1CE1D4E0C9C00728B03 /* RMSClip.m */,
			);
			path = RMSClip;
			sourceTree = "<group>";
		};
		13CFA1D11D4E279400728B03 /* RMSFileRecorder */ = {
			isa = PBXGroup;
			children = (
				13CFA1D21D4E279400728B03 /* RMSFileRecorder.h */,
				13CFA1D31D4E279400728B03 /* RMSFileRecorder.m */,
			);
			path = RMSFileRecorder;
			sourceTree = "<group>";
		};
/* End PBXGroup section */

/* Begin PBXNativeTarget section */
		135720271D1BEF22002FFE64 /* RMSAudio */ = {
			isa = PBXNativeTarget;
			buildConfigurationList = 1357203F1D1BEF22002FFE64 /* Build configuration list for PBXNativeTarget "RMSAudio" */;
			buildPhases = (
				135720241D1BEF22002FFE64 /* Sources */,
				135720251D1BEF22002FFE64 /* Frameworks */,
				135720261D1BEF22002FFE64 /* Resources */,
			);
			buildRules = (
			);
			dependencies = (
			);
			name = RMSAudio;
			productName = RMSAudio;
			productReference = 135720281D1BEF22002FFE64 /* RMSAudio.app */;
			productType = "com.apple.product-type.application";
		};
		137CB2B71D4385DA00AA241A /* RMSAudio iOS */ = {
			isa = PBXNativeTarget;
			buildConfigurationList = 137CB2CE1D4385DA00AA241A /* Build configuration list for PBXNativeTarget "RMSAudio iOS" */;
			buildPhases = (
				137CB2B41D4385DA00AA241A /* Sources */,
				137CB2B51D4385DA00AA241A /* Frameworks */,
				137CB2B61D4385DA00AA241A /* Resources */,
			);
			buildRules = (
			);
			dependencies = (
			);
			name = "RMSAudio iOS";
			productName = "RMSAudio iOS";
			productReference = 137CB2B81D4385DA00AA241A /* RMSAudio iOS.app */;
			productType = "com.apple.product-type.application";
		};
/* End PBXNativeTarget section */

/* Begin PBXProject section */
		135720201D1BEF22002FFE64 /* Project object */ = {
			isa = PBXProject;
			attributes = {
				LastUpgradeCheck = 0730;
				ORGANIZATIONNAME = 32BT;
				TargetAttributes = {
					135720271D1BEF22002FFE64 = {
						CreatedOnToolsVersion = 7.3.1;
					};
					137CB2B71D4385DA00AA241A = {
						CreatedOnToolsVersion = 7.3.1;
						DevelopmentTeam = C54PNHJC2P;
					};
				};
			};
			buildConfigurationList = 135720231D1BEF22002FFE64 /* Build configuration list for PBXProject "RMSAudio" */;
			compatibilityVersion = "Xcode 3.2";
			developmentRegion = English;
			hasScannedForEncodings = 0;
			knownRegions = (
				en,
				Base,
			);
			mainGroup = 1357201F1D1BEF22002FFE64;
			productRefGroup = 135720291D1BEF22002FFE64 /* Products */;
			projectDirPath = "";
			projectRoot = "";
			targets = (
				135720271D1BEF22002FFE64 /* RMSAudio */,
				137CB2B71D4385DA00AA241A /* RMSAudio iOS */,
			);
		};
/* End PBXProject section */

/* Begin PBXResourcesBuildPhase section */
		135720261D1BEF22002FFE64 /* Resources */ = {
			isa = PBXResourcesBuildPhase;
			buildActionMask = 2147483647;
			files = (
				1305C0CC1D44712B0062E2CA /* MainMenu.xib in Resources */,
				1305C0CB1D44712B0062E2CA /* Document.xib in Resources */,
				1305C0CA1D44712B0062E2CA /* Assets.xcassets in Resources */,
			);
			runOnlyForDeploymentPostprocessing = 0;
		};
		137CB2B61D4385DA00AA241A /* Resources */ = {
			isa = PBXResourcesBuildPhase;
			buildActionMask = 2147483647;
			files = (
				137CB2CA1D4385DA00AA241A /* LaunchScreen.storyboard in Resources */,
				137CB2C51D4385DA00AA241A /* Main.storyboard in Resources */,
				137CB2C71D4385DA00AA241A /* Assets.xcassets in Resources */,
			);
			runOnlyForDeploymentPostprocessing = 0;
		};
/* End PBXResourcesBuildPhase section */

/* Begin PBXSourcesBuildPhase section */
		135720241D1BEF22002FFE64 /* Sources */ = {
			isa = PBXSourcesBuildPhase;
			buildActionMask = 2147483647;
			files = (
				13C2F90B1D4CD28300B35F3E /* RMSMixer.m in Sources */,
				13C2F9061D4CB26800B35F3E /* RMSAudioUnitConverter.m in Sources */,
				1305C0CF1D44712B0062E2CA /* main.m in Sources */,
				137EA07D1D4DCF9A00961DBA /* RMSLink.m in Sources */,
				13488C0F1D447032009E99D6 /* RMSIndexView.m in Sources */,
				13488BEB1D447032009E99D6 /* RMSAudioUnitFilePlayer.m in Sources */,
				13488BE91D447032009E99D6 /* RMSAudioUnit.m in Sources */,
				13488BF71D447032009E99D6 /* RMSAutoPan.m in Sources */,
				13488BFF1D447032009E99D6 /* rmsbuffer.c in Sources */,
				13488BF11D447032009E99D6 /* RMSOutput.m in Sources */,
				13488C0B1D447032009E99D6 /* RMSTimer.m in Sources */,
				13488C0D1D447032009E99D6 /* RMSUtilities.m in Sources */,
				1305C0CD1D44712B0062E2CA /* Document.m in Sources */,
				13488C111D447032009E99D6 /* RMSResultView.m in Sources */,
				13CFA1CF1D4E0C9C00728B03 /* RMSClip.m in Sources */,
				13488BED1D447032009E99D6 /* RMSAudioUnitPlatformIO.m in Sources */,
				13488C091D447032009E99D6 /* RMSRingBuffer.m in Sources */,
				13CFA1D41D4E279400728B03 /* RMSFileRecorder.m in Sources */,
				13488C011D447032009E99D6 /* RMSDevice.m in Sources */,
				13488BE71D447032009E99D6 /* RMSSource.m in Sources */,
				13488BF31D447032009E99D6 /* RMSAudioUnitVarispeed.m in Sources */,
				13488C051D447032009E99D6 /* RMSBezierInterpolator.m in Sources */,
				13488BF91D447032009E99D6 /* RMSVolume.m in Sources */,
				13488BEF1D447032009E99D6 /* RMSInput.m in Sources */,
				13488BF51D447032009E99D6 /* RMSAudioUnitUtilities.m in Sources */,
				13488BFB1D447032009E99D6 /* RMSSampleMonitor.m in Sources */,
				13488C071D447032009E99D6 /* rmslevels.c in Sources */,
				1305C0C91D44712B0062E2CA /* AppDelegate.m in Sources */,
				13488C031D447032009E99D6 /* RMSDeviceManager.m in Sources */,
				13488BFD1D447032009E99D6 /* RMSVarispeed.m in Sources */,
				13488BE51D447032009E99D6 /* RMSCallback.m in Sources */,
			);
			runOnlyForDeploymentPostprocessing = 0;
		};
		137CB2B41D4385DA00AA241A /* Sources */ = {
			isa = PBXSourcesBuildPhase;
			buildActionMask = 2147483647;
			files = (
				13C2F90C1D4CD28300B35F3E /* RMSMixer.m in Sources */,
				13C2F9071D4CB26800B35F3E /* RMSAudioUnitConverter.m in Sources */,
				13488C101D447032009E99D6 /* RMSIndexView.m in Sources */,
				137EA07E1D4DCFA100961DBA /* RMSLink.m in Sources */,
				13488BEC1D447032009E99D6 /* RMSAudioUnitFilePlayer.m in Sources */,
				137CB2C21D4385DA00AA241A /* ViewController.m in Sources */,
				13488BEA1D447032009E99D6 /* RMSAudioUnit.m in Sources */,
				13488BF81D447032009E99D6 /* RMSAutoPan.m in Sources */,
				13488C001D447032009E99D6 /* rmsbuffer.c in Sources */,
				13488BF21D447032009E99D6 /* RMSOutput.m in Sources */,
				13488C0C1D447032009E99D6 /* RMSTimer.m in Sources */,
				13488C0E1D447032009E99D6 /* RMSUtilities.m in Sources */,
				137CB2BF1D4385DA00AA241A /* AppDelegate.m in Sources */,
				13488C121D447032009E99D6 /* RMSResultView.m in Sources */,
				13CFA1D01D4E0C9C00728B03 /* RMSClip.m in Sources */,
				13488BEE1D447032009E99D6 /* RMSAudioUnitPlatformIO.m in Sources */,
				13488C0A1D447032009E99D6 /* RMSRingBuffer.m in Sources */,
				13CFA1D51D4E279400728B03 /* RMSFileRecorder.m in Sources */,
				13488C021D447032009E99D6 /* RMSDevice.m in Sources */,
				13488BE81D447032009E99D6 /* RMSSource.m in Sources */,
				13488BF41D447032009E99D6 /* RMSAudioUnitVarispeed.m in Sources */,
				137CB2BC1D4385DA00AA241A /* main.m in Sources */,
				13488C061D447032009E99D6 /* RMSBezierInterpolator.m in Sources */,
				13488BFA1D447032009E99D6 /* RMSVolume.m in Sources */,
				13488BF01D447032009E99D6 /* RMSInput.m in Sources */,
				13488BF61D447032009E99D6 /* RMSAudioUnitUtilities.m in Sources */,
				13488BFC1D447032009E99D6 /* RMSSampleMonitor.m in Sources */,
				13488C081D447032009E99D6 /* rmslevels.c in Sources */,
				13488C041D447032009E99D6 /* RMSDeviceManager.m in Sources */,
				13488BFE1D447032009E99D6 /* RMSVarispeed.m in Sources */,
				13488BE61D447032009E99D6 /* RMSCallback.m in Sources */,
			);
			runOnlyForDeploymentPostprocessing = 0;
		};
/* End PBXSourcesBuildPhase section */

/* Begin PBXVariantGroup section */
		1305C0C11D44712B0062E2CA /* Document.xib */ = {
			isa = PBXVariantGroup;
			children = (
				1305C0C21D44712B0062E2CA /* Base */,
			);
			name = Document.xib;
			sourceTree = "<group>";
		};
		1305C0C31D44712B0062E2CA /* MainMenu.xib */ = {
			isa = PBXVariantGroup;
			children = (
				1305C0C41D44712B0062E2CA /* Base */,
			);
			name = MainMenu.xib;
			sourceTree = "<group>";
		};
		137CB2C31D4385DA00AA241A /* Main.storyboard */ = {
			isa = PBXVariantGroup;
			children = (
				137CB2C41D4385DA00AA241A /* Base */,
			);
			name = Main.storyboard;
			sourceTree = "<group>";
		};
		137CB2C81D4385DA00AA241A /* LaunchScreen.storyboard */ = {
			isa = PBXVariantGroup;
			children = (
				137CB2C91D4385DA00AA241A /* Base */,
			);
			name = LaunchScreen.storyboard;
			sourceTree = "<group>";
		};
/* End PBXVariantGroup section */

/* Begin XCBuildConfiguration section */
		1357203D1D1BEF22002FFE64 /* Debug */ = {
			isa = XCBuildConfiguration;
			buildSettings = {
				ALWAYS_SEARCH_USER_PATHS = NO;
				CLANG_ANALYZER_NONNULL = YES;
				CLANG_CXX_LANGUAGE_STANDARD = "gnu++0x";
				CLANG_CXX_LIBRARY = "libc++";
				CLANG_ENABLE_MODULES = YES;
				CLANG_ENABLE_OBJC_ARC = YES;
				CLANG_WARN_BOOL_CONVERSION = YES;
				CLANG_WARN_CONSTANT_CONVERSION = YES;
				CLANG_WARN_DIRECT_OBJC_ISA_USAGE = YES_ERROR;
				CLANG_WARN_EMPTY_BODY = YES;
				CLANG_WARN_ENUM_CONVERSION = YES;
				CLANG_WARN_INT_CONVERSION = YES;
				CLANG_WARN_OBJC_ROOT_CLASS = YES_ERROR;
				CLANG_WARN_UNREACHABLE_CODE = YES;
				CLANG_WARN__DUPLICATE_METHOD_MATCH = YES;
				CODE_SIGN_IDENTITY = "-";
				COPY_PHASE_STRIP = NO;
				DEBUG_INFORMATION_FORMAT = dwarf;
				ENABLE_STRICT_OBJC_MSGSEND = YES;
				ENABLE_TESTABILITY = YES;
				GCC_C_LANGUAGE_STANDARD = gnu99;
				GCC_DYNAMIC_NO_PIC = NO;
				GCC_NO_COMMON_BLOCKS = YES;
				GCC_OPTIMIZATION_LEVEL = 0;
				GCC_PREPROCESSOR_DEFINITIONS = (
					"DEBUG=1",
					"$(inherited)",
				);
				GCC_WARN_64_TO_32_BIT_CONVERSION = YES;
				GCC_WARN_ABOUT_RETURN_TYPE = YES_ERROR;
				GCC_WARN_UNDECLARED_SELECTOR = YES;
				GCC_WARN_UNINITIALIZED_AUTOS = YES_AGGRESSIVE;
				GCC_WARN_UNUSED_FUNCTION = YES;
				GCC_WARN_UNUSED_VARIABLE = YES;
				MACOSX_DEPLOYMENT_TARGET = 10.11;
				MTL_ENABLE_DEBUG_INFO = YES;
				ONLY_ACTIVE_ARCH = YES;
				SDKROOT = macosx;
			};
			name = Debug;
		};
		1357203E1D1BEF22002FFE64 /* Release */ = {
			isa = XCBuildConfiguration;
			buildSettings = {
				ALWAYS_SEARCH_USER_PATHS = NO;
				CLANG_ANALYZER_NONNULL = YES;
				CLANG_CXX_LANGUAGE_STANDARD = "gnu++0x";
				CLANG_CXX_LIBRARY = "libc++";
				CLANG_ENABLE_MODULES = YES;
				CLANG_ENABLE_OBJC_ARC = YES;
				CLANG_WARN_BOOL_CONVERSION = YES;
				CLANG_WARN_CONSTANT_CONVERSION = YES;
				CLANG_WARN_DIRECT_OBJC_ISA_USAGE = YES_ERROR;
				CLANG_WARN_EMPTY_BODY = YES;
				CLANG_WARN_ENUM_CONVERSION = YES;
				CLANG_WARN_INT_CONVERSION = YES;
				CLANG_WARN_OBJC_ROOT_CLASS = YES_ERROR;
				CLANG_WARN_UNREACHABLE_CODE = YES;
				CLANG_WARN__DUPLICATE_METHOD_MATCH = YES;
				CODE_SIGN_IDENTITY = "-";
				COPY_PHASE_STRIP = NO;
				DEBUG_INFORMATION_FORMAT = "dwarf-with-dsym";
				ENABLE_NS_ASSERTIONS = NO;
				ENABLE_STRICT_OBJC_MSGSEND = YES;
				GCC_C_LANGUAGE_STANDARD = gnu99;
				GCC_NO_COMMON_BLOCKS = YES;
				GCC_WARN_64_TO_32_BIT_CONVERSION = YES;
				GCC_WARN_ABOUT_RETURN_TYPE = YES_ERROR;
				GCC_WARN_UNDECLARED_SELECTOR = YES;
				GCC_WARN_UNINITIALIZED_AUTOS = YES_AGGRESSIVE;
				GCC_WARN_UNUSED_FUNCTION = YES;
				GCC_WARN_UNUSED_VARIABLE = YES;
				MACOSX_DEPLOYMENT_TARGET = 10.11;
				MTL_ENABLE_DEBUG_INFO = NO;
				SDKROOT = macosx;
			};
			name = Release;
		};
		135720401D1BEF22002FFE64 /* Debug */ = {
			isa = XCBuildConfiguration;
			buildSettings = {
				ASSETCATALOG_COMPILER_APPICON_NAME = AppIcon;
				COMBINE_HIDPI_IMAGES = YES;
				INFOPLIST_FILE = "RMSAudio OSX/Info.plist";
				LD_RUNPATH_SEARCH_PATHS = "$(inherited) @executable_path/../Frameworks";
				PRODUCT_BUNDLE_IDENTIFIER = com.32BT.RMSAudio;
				PRODUCT_NAME = "$(TARGET_NAME)";
			};
			name = Debug;
		};
		135720411D1BEF22002FFE64 /* Release */ = {
			isa = XCBuildConfiguration;
			buildSettings = {
				ASSETCATALOG_COMPILER_APPICON_NAME = AppIcon;
				COMBINE_HIDPI_IMAGES = YES;
				INFOPLIST_FILE = "RMSAudio OSX/Info.plist";
				LD_RUNPATH_SEARCH_PATHS = "$(inherited) @executable_path/../Frameworks";
				PRODUCT_BUNDLE_IDENTIFIER = com.32BT.RMSAudio;
				PRODUCT_NAME = "$(TARGET_NAME)";
			};
			name = Release;
		};
		137CB2CC1D4385DA00AA241A /* Debug */ = {
			isa = XCBuildConfiguration;
			buildSettings = {
				ASSETCATALOG_COMPILER_APPICON_NAME = AppIcon;
				CODE_SIGN_IDENTITY = "iPhone Developer";
				"CODE_SIGN_IDENTITY[sdk=iphoneos*]" = "iPhone Developer";
				INFOPLIST_FILE = "RMSAudio iOS/Info.plist";
				IPHONEOS_DEPLOYMENT_TARGET = 8.0;
				LD_RUNPATH_SEARCH_PATHS = "$(inherited) @executable_path/Frameworks";
				PRODUCT_BUNDLE_IDENTIFIER = com.32BT.RMSAudio;
				PRODUCT_NAME = "$(TARGET_NAME)";
				PROVISIONING_PROFILE = "";
				SDKROOT = iphoneos;
				TARGETED_DEVICE_FAMILY = "1,2";
			};
			name = Debug;
		};
		137CB2CD1D4385DA00AA241A /* Release */ = {
			isa = XCBuildConfiguration;
			buildSettings = {
				ASSETCATALOG_COMPILER_APPICON_NAME = AppIcon;
				CODE_SIGN_IDENTITY = "iPhone Developer";
				"CODE_SIGN_IDENTITY[sdk=iphoneos*]" = "iPhone Developer";
				INFOPLIST_FILE = "RMSAudio iOS/Info.plist";
				IPHONEOS_DEPLOYMENT_TARGET = 8.0;
				LD_RUNPATH_SEARCH_PATHS = "$(inherited) @executable_path/Frameworks";
				PRODUCT_BUNDLE_IDENTIFIER = com.32BT.RMSAudio;
				PRODUCT_NAME = "$(TARGET_NAME)";
				PROVISIONING_PROFILE = "";
				SDKROOT = iphoneos;
				TARGETED_DEVICE_FAMILY = "1,2";
				VALIDATE_PRODUCT = YES;
			};
			name = Release;
		};
/* End XCBuildConfiguration section */

/* Begin XCConfigurationList section */
		135720231D1BEF22002FFE64 /* Build configuration list for PBXProject "RMSAudio" */ = {
			isa = XCConfigurationList;
			buildConfigurations = (
				1357203D1D1BEF22002FFE64 /* Debug */,
				1357203E1D1BEF22002FFE64 /* Release */,
			);
			defaultConfigurationIsVisible = 0;
			defaultConfigurationName = Release;
		};
		1357203F1D1BEF22002FFE64 /* Build configuration list for PBXNativeTarget "RMSAudio" */ = {
			isa = XCConfigurationList;
			buildConfigurations = (
				135720401D1BEF22002FFE64 /* Debug */,
				135720411D1BEF22002FFE64 /* Release */,
			);
			defaultConfigurationIsVisible = 0;
			defaultConfigurationName = Release;
		};
		137CB2CE1D4385DA00AA241A /* Build configuration list for PBXNativeTarget "RMSAudio iOS" */ = {
			isa = XCConfigurationList;
			buildConfigurations = (
				137CB2CC1D4385DA00AA241A /* Debug */,
				137CB2CD1D4385DA00AA241A /* Release */,
			);
			defaultConfigurationIsVisible = 0;
			defaultConfigurationName = Release;
		};
/* End XCConfigurationList section */
	};
	rootObject = 135720201D1BEF22002FFE64 /* Project object */;
}
